// !$*UTF8*$!
{
	archiveVersion = 1;
	classes = {
	};
	objectVersion = 46;
	objects = {

/* Begin PBXBuildFile section */
		632D04DE1D09C94400F9744B /* MagicalRecord.framework in Frameworks */ = {isa = PBXBuildFile; fileRef = 632D04DD1D09C94400F9744B /* MagicalRecord.framework */; };
		632D04E01D09C94700F9744B /* RxCocoa.framework in Frameworks */ = {isa = PBXBuildFile; fileRef = 632D04DF1D09C94700F9744B /* RxCocoa.framework */; };
		632D04E21D09C94A00F9744B /* RxSwift.framework in Frameworks */ = {isa = PBXBuildFile; fileRef = 632D04E11D09C94A00F9744B /* RxSwift.framework */; };
		632D04EC1D09CB4700F9744B /* AccountData.swift in Sources */ = {isa = PBXBuildFile; fileRef = 632D04EA1D09CB4700F9744B /* AccountData.swift */; };
		632D04EE1D09CE9D00F9744B /* DYDataCenter.swift in Sources */ = {isa = PBXBuildFile; fileRef = 632D04ED1D09CE9D00F9744B /* DYDataCenter.swift */; };
		6349F2261D2EB9CE002210E0 /* ResetPasswordController.swift in Sources */ = {isa = PBXBuildFile; fileRef = 6349F2251D2EB9CE002210E0 /* ResetPasswordController.swift */; };
		6349F22B1D30201D002210E0 /* LoginRegisterController.swift in Sources */ = {isa = PBXBuildFile; fileRef = 6349F22A1D30201D002210E0 /* LoginRegisterController.swift */; };
		6349F22F1D303ADE002210E0 /* DYOriginalRow.swift in Sources */ = {isa = PBXBuildFile; fileRef = 6349F22E1D303ADE002210E0 /* DYOriginalRow.swift */; };
		6349F2311D303D9A002210E0 /* DYOriginalSection.swift in Sources */ = {isa = PBXBuildFile; fileRef = 6349F2301D303D9A002210E0 /* DYOriginalSection.swift */; };
		6349F2331D30433F002210E0 /* DYOriginalTable.swift in Sources */ = {isa = PBXBuildFile; fileRef = 6349F2321D30433F002210E0 /* DYOriginalTable.swift */; };
		6349F2351D304AA5002210E0 /* DYStaticTableController.swift in Sources */ = {isa = PBXBuildFile; fileRef = 6349F2341D304AA5002210E0 /* DYStaticTableController.swift */; };
		6349F23A1D31E1C2002210E0 /* DOAlertController.swift in Sources */ = {isa = PBXBuildFile; fileRef = 6349F2391D31E1C2002210E0 /* DOAlertController.swift */; };
		635B93AE1D09A40500A81CAF /* AppDelegate.swift in Sources */ = {isa = PBXBuildFile; fileRef = 635B93AD1D09A40500A81CAF /* AppDelegate.swift */; };
		635B93B01D09A40500A81CAF /* FirstViewController.swift in Sources */ = {isa = PBXBuildFile; fileRef = 635B93AF1D09A40500A81CAF /* FirstViewController.swift */; };
		635B93B21D09A40500A81CAF /* SecondViewController.swift in Sources */ = {isa = PBXBuildFile; fileRef = 635B93B11D09A40500A81CAF /* SecondViewController.swift */; };
		635B93B71D09A40500A81CAF /* Assets.xcassets in Resources */ = {isa = PBXBuildFile; fileRef = 635B93B61D09A40500A81CAF /* Assets.xcassets */; };
		635B93BA1D09A40500A81CAF /* LaunchScreen.storyboard in Resources */ = {isa = PBXBuildFile; fileRef = 635B93B81D09A40500A81CAF /* LaunchScreen.storyboard */; };
		635B93C51D09A40500A81CAF /* FlashWordTests.swift in Sources */ = {isa = PBXBuildFile; fileRef = 635B93C41D09A40500A81CAF /* FlashWordTests.swift */; };
		635B93D01D09A40600A81CAF /* FlashWordUITests.swift in Sources */ = {isa = PBXBuildFile; fileRef = 635B93CF1D09A40600A81CAF /* FlashWordUITests.swift */; };
		6388D5B51D0C7A4F0029C988 /* AVOSCloud.framework in Frameworks */ = {isa = PBXBuildFile; fileRef = 6388D5B41D0C7A4F0029C988 /* AVOSCloud.framework */; };
		6388D5B61D0C7AA70029C988 /* AVOSCloud.framework in Frameworks */ = {isa = PBXBuildFile; fileRef = 6388D5B41D0C7A4F0029C988 /* AVOSCloud.framework */; };
		6388D5B71D0C7AA70029C988 /* AVOSCloud.framework in Embed Frameworks */ = {isa = PBXBuildFile; fileRef = 6388D5B41D0C7A4F0029C988 /* AVOSCloud.framework */; settings = {ATTRIBUTES = (CodeSignOnCopy, RemoveHeadersOnCopy, ); }; };
		6388D5BB1D0DAD630029C988 /* CGRectUtility.swift in Sources */ = {isa = PBXBuildFile; fileRef = 6388D5BA1D0DAD630029C988 /* CGRectUtility.swift */; };
		6388D5C11D0DAE310029C988 /* FadeTransitionAnimator.swift in Sources */ = {isa = PBXBuildFile; fileRef = 6388D5C01D0DAE310029C988 /* FadeTransitionAnimator.swift */; };
		6388D5C51D0DAEAC0029C988 /* SpinerLayer.swift in Sources */ = {isa = PBXBuildFile; fileRef = 6388D5C41D0DAEAC0029C988 /* SpinerLayer.swift */; };
		6388D5C81D0DAEEB0029C988 /* DYSubmitButton.swift in Sources */ = {isa = PBXBuildFile; fileRef = 6388D5C71D0DAEEB0029C988 /* DYSubmitButton.swift */; };
		6388D5CA1D0DAFDC0029C988 /* NSTimerUtility.swift in Sources */ = {isa = PBXBuildFile; fileRef = 6388D5C91D0DAFDC0029C988 /* NSTimerUtility.swift */; };
		6388D5CD1D0DB1900029C988 /* DYViewController.swift in Sources */ = {isa = PBXBuildFile; fileRef = 6388D5CC1D0DB1900029C988 /* DYViewController.swift */; };
		6388D5CF1D0DB1AC0029C988 /* DYNavigationController.swift in Sources */ = {isa = PBXBuildFile; fileRef = 6388D5CE1D0DB1AC0029C988 /* DYNavigationController.swift */; };
		6388D5D71D0DB3700029C988 /* LoginController.swift in Sources */ = {isa = PBXBuildFile; fileRef = 6388D5D51D0DB3700029C988 /* LoginController.swift */; };
		6388D5DD1D0DC45B0029C988 /* SkyFloatingLabelTextField.swift in Sources */ = {isa = PBXBuildFile; fileRef = 6388D5DA1D0DC45B0029C988 /* SkyFloatingLabelTextField.swift */; };
		6388D5DE1D0DC45B0029C988 /* SkyFloatingLabelTextFieldWithIcon.swift in Sources */ = {isa = PBXBuildFile; fileRef = 6388D5DB1D0DC45B0029C988 /* SkyFloatingLabelTextFieldWithIcon.swift */; };
		6388D5DF1D0DC45B0029C988 /* UITextField+SkyFloatingLabel.swift in Sources */ = {isa = PBXBuildFile; fileRef = 6388D5DC1D0DC45B0029C988 /* UITextField+SkyFloatingLabel.swift */; };
		6388D5E31D0DC9850029C988 /* fontawesome-webfont.ttf in Resources */ = {isa = PBXBuildFile; fileRef = 6388D5E21D0DC9850029C988 /* fontawesome-webfont.ttf */; };
		6388D5EC1D108B090029C988 /* AnimationLayerCreator.swift in Sources */ = {isa = PBXBuildFile; fileRef = 6388D5E91D108B090029C988 /* AnimationLayerCreator.swift */; };
		6388D5ED1D108B090029C988 /* BusyNavigationBarOptions.swift in Sources */ = {isa = PBXBuildFile; fileRef = 6388D5EA1D108B090029C988 /* BusyNavigationBarOptions.swift */; };
		6388D5EE1D108B090029C988 /* UINavigationBar+Animation.swift in Sources */ = {isa = PBXBuildFile; fileRef = 6388D5EB1D108B090029C988 /* UINavigationBar+Animation.swift */; };
		6388D5F01D15B19B0029C988 /* Account+Business.swift in Sources */ = {isa = PBXBuildFile; fileRef = 6388D5EF1D15B19B0029C988 /* Account+Business.swift */; };
		6388D5F21D15CB030029C988 /* RegisterController.swift in Sources */ = {isa = PBXBuildFile; fileRef = 6388D5F11D15CB030029C988 /* RegisterController.swift */; };
		6388D5F51D15CD9B0029C988 /* LoginVM.swift in Sources */ = {isa = PBXBuildFile; fileRef = 6388D5F31D15CD9B0029C988 /* LoginVM.swift */; };
		6388D5F61D15CD9B0029C988 /* RegisterVM.swift in Sources */ = {isa = PBXBuildFile; fileRef = 6388D5F41D15CD9B0029C988 /* RegisterVM.swift */; };
		6388D5F81D15D5EB0029C988 /* UIViewController+ProgressView.swift in Sources */ = {isa = PBXBuildFile; fileRef = 6388D5F71D15D5EB0029C988 /* UIViewController+ProgressView.swift */; };
		6388D5FD1D15D8440029C988 /* URLConvertible.swift in Sources */ = {isa = PBXBuildFile; fileRef = 6388D5FA1D15D8440029C988 /* URLConvertible.swift */; };
		6388D5FE1D15D8440029C988 /* URLNavigable.swift in Sources */ = {isa = PBXBuildFile; fileRef = 6388D5FB1D15D8440029C988 /* URLNavigable.swift */; };
		6388D5FF1D15D8440029C988 /* URLNavigator.swift in Sources */ = {isa = PBXBuildFile; fileRef = 6388D5FC1D15D8440029C988 /* URLNavigator.swift */; };
		6388D6011D15DC4A0029C988 /* DYURLNavigationMap.swift in Sources */ = {isa = PBXBuildFile; fileRef = 6388D6001D15DC4A0029C988 /* DYURLNavigationMap.swift */; };
		639187F41D09D7A800757F60 /* XCGLogger.swift in Sources */ = {isa = PBXBuildFile; fileRef = 639187F31D09D7A800757F60 /* XCGLogger.swift */; };
		639187F71D09EC1800757F60 /* DYLog.swift in Sources */ = {isa = PBXBuildFile; fileRef = 639187F61D09EC1800757F60 /* DYLog.swift */; };
		639187F91D09EE4200757F60 /* AppConst.swift in Sources */ = {isa = PBXBuildFile; fileRef = 639187F81D09EE4200757F60 /* AppConst.swift */; };
		639187FD1D09FB3E00757F60 /* DYUserDefaults.swift in Sources */ = {isa = PBXBuildFile; fileRef = 639187FC1D09FB3E00757F60 /* DYUserDefaults.swift */; };
		639188041D0A915800757F60 /* DynamicColor+Deriving.swift in Sources */ = {isa = PBXBuildFile; fileRef = 639188001D0A915800757F60 /* DynamicColor+Deriving.swift */; };
		639188051D0A915800757F60 /* DynamicColor+RGBA.swift in Sources */ = {isa = PBXBuildFile; fileRef = 639188011D0A915800757F60 /* DynamicColor+RGBA.swift */; };
		639188061D0A915800757F60 /* DynamicColor.swift in Sources */ = {isa = PBXBuildFile; fileRef = 639188021D0A915800757F60 /* DynamicColor.swift */; };
		639188071D0A915800757F60 /* HSL.swift in Sources */ = {isa = PBXBuildFile; fileRef = 639188031D0A915800757F60 /* HSL.swift */; };
		6391880A1D0A930500757F60 /* FlatUIColors.swift in Sources */ = {isa = PBXBuildFile; fileRef = 639188091D0A930500757F60 /* FlatUIColors.swift */; };
		63C6C11B1D2D4BC80090AC38 /* FlashWord.storyboard in Resources */ = {isa = PBXBuildFile; fileRef = 63C6C11A1D2D4BC80090AC38 /* FlashWord.storyboard */; };
		63C6C11E1D2D4CD80090AC38 /* RootNavigationController.swift in Sources */ = {isa = PBXBuildFile; fileRef = 63C6C11D1D2D4CD80090AC38 /* RootNavigationController.swift */; };
		63C6C1201D2D4CEF0090AC38 /* RootTabBarController.swift in Sources */ = {isa = PBXBuildFile; fileRef = 63C6C11F1D2D4CEF0090AC38 /* RootTabBarController.swift */; };
		63C6C1221D2D56820090AC38 /* GuideLogin.storyboard in Resources */ = {isa = PBXBuildFile; fileRef = 63C6C1211D2D56820090AC38 /* GuideLogin.storyboard */; };
		840C8D141D179698009F2646 /* Async.swift in Sources */ = {isa = PBXBuildFile; fileRef = 840C8D131D179698009F2646 /* Async.swift */; };
		840C8D171D179876009F2646 /* DYLineProgress.swift in Sources */ = {isa = PBXBuildFile; fileRef = 840C8D161D179876009F2646 /* DYLineProgress.swift */; };
		84301CFF1D18DE8300BB3C5D /* DYLoader.swift in Sources */ = {isa = PBXBuildFile; fileRef = 84301CFE1D18DE8300BB3C5D /* DYLoader.swift */; };
		84301D011D18DEE200BB3C5D /* DYSucceedLoader.swift in Sources */ = {isa = PBXBuildFile; fileRef = 84301D001D18DEE200BB3C5D /* DYSucceedLoader.swift */; };
		84301D031D18DF1500BB3C5D /* DYFailLoader.swift in Sources */ = {isa = PBXBuildFile; fileRef = 84301D021D18DF1500BB3C5D /* DYFailLoader.swift */; };
		84301D071D18E95600BB3C5D /* DYInfiniteLoader.swift in Sources */ = {isa = PBXBuildFile; fileRef = 84301D061D18E95600BB3C5D /* DYInfiniteLoader.swift */; };
		84301D171D190EE800BB3C5D /* DYSatelliteLoader.swift in Sources */ = {isa = PBXBuildFile; fileRef = 84301D161D190EE800BB3C5D /* DYSatelliteLoader.swift */; };
		84301D1A1D1935E600BB3C5D /* TextAttributes.swift in Sources */ = {isa = PBXBuildFile; fileRef = 84301D191D1935E600BB3C5D /* TextAttributes.swift */; };
		84301D1C1D19362A00BB3C5D /* DYStringUtility.swift in Sources */ = {isa = PBXBuildFile; fileRef = 84301D1B1D19362A00BB3C5D /* DYStringUtility.swift */; };
		84301D1F1D1940A900BB3C5D /* FontBlaster.swift in Sources */ = {isa = PBXBuildFile; fileRef = 84301D1E1D1940A900BB3C5D /* FontBlaster.swift */; };
		84301D211D1953EA00BB3C5D /* DYTabBarController.swift in Sources */ = {isa = PBXBuildFile; fileRef = 84301D201D1953EA00BB3C5D /* DYTabBarController.swift */; };
		84301D241D1959AE00BB3C5D /* DYTransitionAnimator.swift in Sources */ = {isa = PBXBuildFile; fileRef = 84301D231D1959AE00BB3C5D /* DYTransitionAnimator.swift */; };
		844FBA3F1D0FBFE700D6C2EA /* DYViewModel.swift in Sources */ = {isa = PBXBuildFile; fileRef = 844FBA3E1D0FBFE700D6C2EA /* DYViewModel.swift */; };
		844FBA691D0FE0F900D6C2EA /* NVActivityIndicatorAnimationBallBeat.swift in Sources */ = {isa = PBXBuildFile; fileRef = 844FBA451D0FE0F900D6C2EA /* NVActivityIndicatorAnimationBallBeat.swift */; };
		844FBA6A1D0FE0F900D6C2EA /* NVActivityIndicatorAnimationBallClipRotate.swift in Sources */ = {isa = PBXBuildFile; fileRef = 844FBA461D0FE0F900D6C2EA /* NVActivityIndicatorAnimationBallClipRotate.swift */; };
		844FBA6B1D0FE0F900D6C2EA /* NVActivityIndicatorAnimationBallClipRotateMultiple.swift in Sources */ = {isa = PBXBuildFile; fileRef = 844FBA471D0FE0F900D6C2EA /* NVActivityIndicatorAnimationBallClipRotateMultiple.swift */; };
		844FBA6C1D0FE0F900D6C2EA /* NVActivityIndicatorAnimationBallClipRotatePulse.swift in Sources */ = {isa = PBXBuildFile; fileRef = 844FBA481D0FE0F900D6C2EA /* NVActivityIndicatorAnimationBallClipRotatePulse.swift */; };
		844FBA6D1D0FE0F900D6C2EA /* NVActivityIndicatorAnimationBallGridBeat.swift in Sources */ = {isa = PBXBuildFile; fileRef = 844FBA491D0FE0F900D6C2EA /* NVActivityIndicatorAnimationBallGridBeat.swift */; };
		844FBA6E1D0FE0F900D6C2EA /* NVActivityIndicatorAnimationBallGridPulse.swift in Sources */ = {isa = PBXBuildFile; fileRef = 844FBA4A1D0FE0F900D6C2EA /* NVActivityIndicatorAnimationBallGridPulse.swift */; };
		844FBA6F1D0FE0F900D6C2EA /* NVActivityIndicatorAnimationBallPulse.swift in Sources */ = {isa = PBXBuildFile; fileRef = 844FBA4B1D0FE0F900D6C2EA /* NVActivityIndicatorAnimationBallPulse.swift */; };
		844FBA701D0FE0F900D6C2EA /* NVActivityIndicatorAnimationBallPulseRise.swift in Sources */ = {isa = PBXBuildFile; fileRef = 844FBA4C1D0FE0F900D6C2EA /* NVActivityIndicatorAnimationBallPulseRise.swift */; };
		844FBA711D0FE0F900D6C2EA /* NVActivityIndicatorAnimationBallPulseSync.swift in Sources */ = {isa = PBXBuildFile; fileRef = 844FBA4D1D0FE0F900D6C2EA /* NVActivityIndicatorAnimationBallPulseSync.swift */; };
		844FBA721D0FE0F900D6C2EA /* NVActivityIndicatorAnimationBallRotate.swift in Sources */ = {isa = PBXBuildFile; fileRef = 844FBA4E1D0FE0F900D6C2EA /* NVActivityIndicatorAnimationBallRotate.swift */; };
		844FBA731D0FE0F900D6C2EA /* NVActivityIndicatorAnimationBallRotateChase.swift in Sources */ = {isa = PBXBuildFile; fileRef = 844FBA4F1D0FE0F900D6C2EA /* NVActivityIndicatorAnimationBallRotateChase.swift */; };
		844FBA741D0FE0F900D6C2EA /* NVActivityIndicatorAnimationBallScale.swift in Sources */ = {isa = PBXBuildFile; fileRef = 844FBA501D0FE0F900D6C2EA /* NVActivityIndicatorAnimationBallScale.swift */; };
		844FBA751D0FE0F900D6C2EA /* NVActivityIndicatorAnimationBallScaleMultiple.swift in Sources */ = {isa = PBXBuildFile; fileRef = 844FBA511D0FE0F900D6C2EA /* NVActivityIndicatorAnimationBallScaleMultiple.swift */; };
		844FBA761D0FE0F900D6C2EA /* NVActivityIndicatorAnimationBallScaleRipple.swift in Sources */ = {isa = PBXBuildFile; fileRef = 844FBA521D0FE0F900D6C2EA /* NVActivityIndicatorAnimationBallScaleRipple.swift */; };
		844FBA771D0FE0F900D6C2EA /* NVActivityIndicatorAnimationBallScaleRippleMultiple.swift in Sources */ = {isa = PBXBuildFile; fileRef = 844FBA531D0FE0F900D6C2EA /* NVActivityIndicatorAnimationBallScaleRippleMultiple.swift */; };
		844FBA781D0FE0F900D6C2EA /* NVActivityIndicatorAnimationBallSpinFadeLoader.swift in Sources */ = {isa = PBXBuildFile; fileRef = 844FBA541D0FE0F900D6C2EA /* NVActivityIndicatorAnimationBallSpinFadeLoader.swift */; };
		844FBA791D0FE0F900D6C2EA /* NVActivityIndicatorAnimationBallTrianglePath.swift in Sources */ = {isa = PBXBuildFile; fileRef = 844FBA551D0FE0F900D6C2EA /* NVActivityIndicatorAnimationBallTrianglePath.swift */; };
		844FBA7A1D0FE0F900D6C2EA /* NVActivityIndicatorAnimationBallZigZag.swift in Sources */ = {isa = PBXBuildFile; fileRef = 844FBA561D0FE0F900D6C2EA /* NVActivityIndicatorAnimationBallZigZag.swift */; };
		844FBA7B1D0FE0F900D6C2EA /* NVActivityIndicatorAnimationBallZigZagDeflect.swift in Sources */ = {isa = PBXBuildFile; fileRef = 844FBA571D0FE0F900D6C2EA /* NVActivityIndicatorAnimationBallZigZagDeflect.swift */; };
		844FBA7C1D0FE0F900D6C2EA /* NVActivityIndicatorAnimationBlank.swift in Sources */ = {isa = PBXBuildFile; fileRef = 844FBA581D0FE0F900D6C2EA /* NVActivityIndicatorAnimationBlank.swift */; };
		844FBA7D1D0FE0F900D6C2EA /* NVActivityIndicatorAnimationCubeTransition.swift in Sources */ = {isa = PBXBuildFile; fileRef = 844FBA591D0FE0F900D6C2EA /* NVActivityIndicatorAnimationCubeTransition.swift */; };
		844FBA7E1D0FE0F900D6C2EA /* NVActivityIndicatorAnimationLineScale.swift in Sources */ = {isa = PBXBuildFile; fileRef = 844FBA5A1D0FE0F900D6C2EA /* NVActivityIndicatorAnimationLineScale.swift */; };
		844FBA7F1D0FE0F900D6C2EA /* NVActivityIndicatorAnimationLineScaleParty.swift in Sources */ = {isa = PBXBuildFile; fileRef = 844FBA5B1D0FE0F900D6C2EA /* NVActivityIndicatorAnimationLineScaleParty.swift */; };
		844FBA801D0FE0F900D6C2EA /* NVActivityIndicatorAnimationLineScalePulseOut.swift in Sources */ = {isa = PBXBuildFile; fileRef = 844FBA5C1D0FE0F900D6C2EA /* NVActivityIndicatorAnimationLineScalePulseOut.swift */; };
		844FBA811D0FE0F900D6C2EA /* NVActivityIndicatorAnimationLineScalePulseOutRapid.swift in Sources */ = {isa = PBXBuildFile; fileRef = 844FBA5D1D0FE0F900D6C2EA /* NVActivityIndicatorAnimationLineScalePulseOutRapid.swift */; };
		844FBA821D0FE0F900D6C2EA /* NVActivityIndicatorAnimationLineSpinFadeLoader.swift in Sources */ = {isa = PBXBuildFile; fileRef = 844FBA5E1D0FE0F900D6C2EA /* NVActivityIndicatorAnimationLineSpinFadeLoader.swift */; };
		844FBA831D0FE0F900D6C2EA /* NVActivityIndicatorAnimationOrbit.swift in Sources */ = {isa = PBXBuildFile; fileRef = 844FBA5F1D0FE0F900D6C2EA /* NVActivityIndicatorAnimationOrbit.swift */; };
		844FBA841D0FE0F900D6C2EA /* NVActivityIndicatorAnimationPacman.swift in Sources */ = {isa = PBXBuildFile; fileRef = 844FBA601D0FE0F900D6C2EA /* NVActivityIndicatorAnimationPacman.swift */; };
		844FBA851D0FE0F900D6C2EA /* NVActivityIndicatorAnimationSemiCircleSpin.swift in Sources */ = {isa = PBXBuildFile; fileRef = 844FBA611D0FE0F900D6C2EA /* NVActivityIndicatorAnimationSemiCircleSpin.swift */; };
		844FBA861D0FE0F900D6C2EA /* NVActivityIndicatorAnimationSquareSpin.swift in Sources */ = {isa = PBXBuildFile; fileRef = 844FBA621D0FE0F900D6C2EA /* NVActivityIndicatorAnimationSquareSpin.swift */; };
		844FBA871D0FE0F900D6C2EA /* NVActivityIndicatorAnimationTriangleSkewSpin.swift in Sources */ = {isa = PBXBuildFile; fileRef = 844FBA631D0FE0F900D6C2EA /* NVActivityIndicatorAnimationTriangleSkewSpin.swift */; };
		844FBA881D0FE0F900D6C2EA /* NVActivityIndicatorAnimationDelegate.swift in Sources */ = {isa = PBXBuildFile; fileRef = 844FBA641D0FE0F900D6C2EA /* NVActivityIndicatorAnimationDelegate.swift */; };
		844FBA891D0FE0F900D6C2EA /* NVActivityIndicatorShape.swift in Sources */ = {isa = PBXBuildFile; fileRef = 844FBA651D0FE0F900D6C2EA /* NVActivityIndicatorShape.swift */; };
		844FBA8A1D0FE0F900D6C2EA /* NVActivityIndicatorView.swift in Sources */ = {isa = PBXBuildFile; fileRef = 844FBA671D0FE0F900D6C2EA /* NVActivityIndicatorView.swift */; };
		844FBA8B1D0FE0F900D6C2EA /* NVActivityIndicatorViewable.swift in Sources */ = {isa = PBXBuildFile; fileRef = 844FBA681D0FE0F900D6C2EA /* NVActivityIndicatorViewable.swift */; };
		844FBA8D1D0FE2B700D6C2EA /* UIViewController+Utility.swift in Sources */ = {isa = PBXBuildFile; fileRef = 844FBA8C1D0FE2B700D6C2EA /* UIViewController+Utility.swift */; };
		844FBA8F1D102F2000D6C2EA /* DYProgressView.swift in Sources */ = {isa = PBXBuildFile; fileRef = 844FBA8E1D102F2000D6C2EA /* DYProgressView.swift */; };
		847D70371D1298EA0025B54A /* UIViewController+State.swift in Sources */ = {isa = PBXBuildFile; fileRef = 847D70361D1298EA0025B54A /* UIViewController+State.swift */; };
		847D70391D12A4AD0025B54A /* ObjectUtility.swift in Sources */ = {isa = PBXBuildFile; fileRef = 847D70381D12A4AD0025B54A /* ObjectUtility.swift */; };
		8492F19E1D0EA2EE00EA95EE /* FlashWord.xcdatamodeld in Sources */ = {isa = PBXBuildFile; fileRef = 8492F19C1D0EA2EE00EA95EE /* FlashWord.xcdatamodeld */; };
		F79FE96208CB634B4372980C /* Pods_FlashWord.framework in Frameworks */ = {isa = PBXBuildFile; fileRef = 2FA376F5E1793DFA7F9D953B /* Pods_FlashWord.framework */; };
/* End PBXBuildFile section */

/* Begin PBXContainerItemProxy section */
		635B93C11D09A40500A81CAF /* PBXContainerItemProxy */ = {
			isa = PBXContainerItemProxy;
			containerPortal = 635B93A21D09A40500A81CAF /* Project object */;
			proxyType = 1;
			remoteGlobalIDString = 635B93A91D09A40500A81CAF;
			remoteInfo = FlashWord;
		};
		635B93CC1D09A40500A81CAF /* PBXContainerItemProxy */ = {
			isa = PBXContainerItemProxy;
			containerPortal = 635B93A21D09A40500A81CAF /* Project object */;
			proxyType = 1;
			remoteGlobalIDString = 635B93A91D09A40500A81CAF;
			remoteInfo = FlashWord;
		};
/* End PBXContainerItemProxy section */

/* Begin PBXCopyFilesBuildPhase section */
		6388D5B81D0C7AA80029C988 /* Embed Frameworks */ = {
			isa = PBXCopyFilesBuildPhase;
			buildActionMask = 2147483647;
			dstPath = "";
			dstSubfolderSpec = 10;
			files = (
				6388D5B71D0C7AA70029C988 /* AVOSCloud.framework in Embed Frameworks */,
			);
			name = "Embed Frameworks";
			runOnlyForDeploymentPostprocessing = 0;
		};
/* End PBXCopyFilesBuildPhase section */

/* Begin PBXFileReference section */
		0402EC8172EC4DD126065338 /* Pods-FlashWord.debug.xcconfig */ = {isa = PBXFileReference; includeInIndex = 1; lastKnownFileType = text.xcconfig; name = "Pods-FlashWord.debug.xcconfig"; path = "Pods/Target Support Files/Pods-FlashWord/Pods-FlashWord.debug.xcconfig"; sourceTree = "<group>"; };
		1E932C9C1D7FDCFDEF1B98CF /* Pods-FlashWord.release.xcconfig */ = {isa = PBXFileReference; includeInIndex = 1; lastKnownFileType = text.xcconfig; name = "Pods-FlashWord.release.xcconfig"; path = "Pods/Target Support Files/Pods-FlashWord/Pods-FlashWord.release.xcconfig"; sourceTree = "<group>"; };
		2FA376F5E1793DFA7F9D953B /* Pods_FlashWord.framework */ = {isa = PBXFileReference; explicitFileType = wrapper.framework; includeInIndex = 0; path = Pods_FlashWord.framework; sourceTree = BUILT_PRODUCTS_DIR; };
		632D04DC1D09C7E600F9744B /* FlashWord-Bridging-Header.h */ = {isa = PBXFileReference; lastKnownFileType = sourcecode.c.h; path = "FlashWord-Bridging-Header.h"; sourceTree = "<group>"; };
		632D04DD1D09C94400F9744B /* MagicalRecord.framework */ = {isa = PBXFileReference; lastKnownFileType = wrapper.framework; name = MagicalRecord.framework; path = "../../../../../Library/Developer/Xcode/DerivedData/FlashWord-bkvyrctegzunkvatsapkjdclplse/Build/Products/Debug-iphonesimulator/MagicalRecord/MagicalRecord.framework"; sourceTree = "<group>"; };
		632D04DF1D09C94700F9744B /* RxCocoa.framework */ = {isa = PBXFileReference; lastKnownFileType = wrapper.framework; name = RxCocoa.framework; path = "../../../../../Library/Developer/Xcode/DerivedData/FlashWord-bkvyrctegzunkvatsapkjdclplse/Build/Products/Debug-iphonesimulator/RxCocoa/RxCocoa.framework"; sourceTree = "<group>"; };
		632D04E11D09C94A00F9744B /* RxSwift.framework */ = {isa = PBXFileReference; lastKnownFileType = wrapper.framework; name = RxSwift.framework; path = "../../../../../Library/Developer/Xcode/DerivedData/FlashWord-bkvyrctegzunkvatsapkjdclplse/Build/Products/Debug-iphonesimulator/RxSwift/RxSwift.framework"; sourceTree = "<group>"; };
		632D04EA1D09CB4700F9744B /* AccountData.swift */ = {isa = PBXFileReference; fileEncoding = 4; lastKnownFileType = sourcecode.swift; path = AccountData.swift; sourceTree = "<group>"; };
		632D04ED1D09CE9D00F9744B /* DYDataCenter.swift */ = {isa = PBXFileReference; fileEncoding = 4; lastKnownFileType = sourcecode.swift; path = DYDataCenter.swift; sourceTree = "<group>"; };
		6349F2251D2EB9CE002210E0 /* ResetPasswordController.swift */ = {isa = PBXFileReference; fileEncoding = 4; lastKnownFileType = sourcecode.swift; path = ResetPasswordController.swift; sourceTree = "<group>"; };
		6349F22A1D30201D002210E0 /* LoginRegisterController.swift */ = {isa = PBXFileReference; fileEncoding = 4; lastKnownFileType = sourcecode.swift; path = LoginRegisterController.swift; sourceTree = "<group>"; };
		6349F22E1D303ADE002210E0 /* DYOriginalRow.swift */ = {isa = PBXFileReference; fileEncoding = 4; lastKnownFileType = sourcecode.swift; path = DYOriginalRow.swift; sourceTree = "<group>"; };
		6349F2301D303D9A002210E0 /* DYOriginalSection.swift */ = {isa = PBXFileReference; fileEncoding = 4; lastKnownFileType = sourcecode.swift; path = DYOriginalSection.swift; sourceTree = "<group>"; };
		6349F2321D30433F002210E0 /* DYOriginalTable.swift */ = {isa = PBXFileReference; fileEncoding = 4; lastKnownFileType = sourcecode.swift; path = DYOriginalTable.swift; sourceTree = "<group>"; };
		6349F2341D304AA5002210E0 /* DYStaticTableController.swift */ = {isa = PBXFileReference; fileEncoding = 4; lastKnownFileType = sourcecode.swift; path = DYStaticTableController.swift; sourceTree = "<group>"; };
		6349F2391D31E1C2002210E0 /* DOAlertController.swift */ = {isa = PBXFileReference; fileEncoding = 4; lastKnownFileType = sourcecode.swift; path = DOAlertController.swift; sourceTree = "<group>"; };
		635B93AA1D09A40500A81CAF /* FlashWord.app */ = {isa = PBXFileReference; explicitFileType = wrapper.application; includeInIndex = 0; path = FlashWord.app; sourceTree = BUILT_PRODUCTS_DIR; };
		635B93AD1D09A40500A81CAF /* AppDelegate.swift */ = {isa = PBXFileReference; lastKnownFileType = sourcecode.swift; path = AppDelegate.swift; sourceTree = "<group>"; };
		635B93AF1D09A40500A81CAF /* FirstViewController.swift */ = {isa = PBXFileReference; lastKnownFileType = sourcecode.swift; path = FirstViewController.swift; sourceTree = "<group>"; };
		635B93B11D09A40500A81CAF /* SecondViewController.swift */ = {isa = PBXFileReference; lastKnownFileType = sourcecode.swift; path = SecondViewController.swift; sourceTree = "<group>"; };
		635B93B61D09A40500A81CAF /* Assets.xcassets */ = {isa = PBXFileReference; lastKnownFileType = folder.assetcatalog; path = Assets.xcassets; sourceTree = "<group>"; };
		635B93B91D09A40500A81CAF /* Base */ = {isa = PBXFileReference; lastKnownFileType = file.storyboard; name = Base; path = Base.lproj/LaunchScreen.storyboard; sourceTree = "<group>"; };
		635B93BB1D09A40500A81CAF /* Info.plist */ = {isa = PBXFileReference; lastKnownFileType = text.plist.xml; path = Info.plist; sourceTree = "<group>"; };
		635B93C01D09A40500A81CAF /* FlashWordTests.xctest */ = {isa = PBXFileReference; explicitFileType = wrapper.cfbundle; includeInIndex = 0; path = FlashWordTests.xctest; sourceTree = BUILT_PRODUCTS_DIR; };
		635B93C41D09A40500A81CAF /* FlashWordTests.swift */ = {isa = PBXFileReference; lastKnownFileType = sourcecode.swift; path = FlashWordTests.swift; sourceTree = "<group>"; };
		635B93C61D09A40500A81CAF /* Info.plist */ = {isa = PBXFileReference; lastKnownFileType = text.plist.xml; path = Info.plist; sourceTree = "<group>"; };
		635B93CB1D09A40500A81CAF /* FlashWordUITests.xctest */ = {isa = PBXFileReference; explicitFileType = wrapper.cfbundle; includeInIndex = 0; path = FlashWordUITests.xctest; sourceTree = BUILT_PRODUCTS_DIR; };
		635B93CF1D09A40600A81CAF /* FlashWordUITests.swift */ = {isa = PBXFileReference; lastKnownFileType = sourcecode.swift; path = FlashWordUITests.swift; sourceTree = "<group>"; };
		635B93D11D09A40600A81CAF /* Info.plist */ = {isa = PBXFileReference; lastKnownFileType = text.plist.xml; path = Info.plist; sourceTree = "<group>"; };
		6388D5B41D0C7A4F0029C988 /* AVOSCloud.framework */ = {isa = PBXFileReference; lastKnownFileType = wrapper.framework; path = AVOSCloud.framework; sourceTree = "<group>"; };
		6388D5BA1D0DAD630029C988 /* CGRectUtility.swift */ = {isa = PBXFileReference; fileEncoding = 4; lastKnownFileType = sourcecode.swift; path = CGRectUtility.swift; sourceTree = "<group>"; };
		6388D5C01D0DAE310029C988 /* FadeTransitionAnimator.swift */ = {isa = PBXFileReference; fileEncoding = 4; lastKnownFileType = sourcecode.swift; path = FadeTransitionAnimator.swift; sourceTree = "<group>"; };
		6388D5C41D0DAEAC0029C988 /* SpinerLayer.swift */ = {isa = PBXFileReference; fileEncoding = 4; lastKnownFileType = sourcecode.swift; path = SpinerLayer.swift; sourceTree = "<group>"; };
		6388D5C71D0DAEEB0029C988 /* DYSubmitButton.swift */ = {isa = PBXFileReference; fileEncoding = 4; lastKnownFileType = sourcecode.swift; path = DYSubmitButton.swift; sourceTree = "<group>"; };
		6388D5C91D0DAFDC0029C988 /* NSTimerUtility.swift */ = {isa = PBXFileReference; fileEncoding = 4; lastKnownFileType = sourcecode.swift; path = NSTimerUtility.swift; sourceTree = "<group>"; };
		6388D5CC1D0DB1900029C988 /* DYViewController.swift */ = {isa = PBXFileReference; fileEncoding = 4; lastKnownFileType = sourcecode.swift; path = DYViewController.swift; sourceTree = "<group>"; };
		6388D5CE1D0DB1AC0029C988 /* DYNavigationController.swift */ = {isa = PBXFileReference; fileEncoding = 4; lastKnownFileType = sourcecode.swift; path = DYNavigationController.swift; sourceTree = "<group>"; };
		6388D5D51D0DB3700029C988 /* LoginController.swift */ = {isa = PBXFileReference; fileEncoding = 4; lastKnownFileType = sourcecode.swift; path = LoginController.swift; sourceTree = "<group>"; };
		6388D5DA1D0DC45B0029C988 /* SkyFloatingLabelTextField.swift */ = {isa = PBXFileReference; fileEncoding = 4; lastKnownFileType = sourcecode.swift; path = SkyFloatingLabelTextField.swift; sourceTree = "<group>"; };
		6388D5DB1D0DC45B0029C988 /* SkyFloatingLabelTextFieldWithIcon.swift */ = {isa = PBXFileReference; fileEncoding = 4; lastKnownFileType = sourcecode.swift; path = SkyFloatingLabelTextFieldWithIcon.swift; sourceTree = "<group>"; };
		6388D5DC1D0DC45B0029C988 /* UITextField+SkyFloatingLabel.swift */ = {isa = PBXFileReference; fileEncoding = 4; lastKnownFileType = sourcecode.swift; path = "UITextField+SkyFloatingLabel.swift"; sourceTree = "<group>"; };
		6388D5E21D0DC9850029C988 /* fontawesome-webfont.ttf */ = {isa = PBXFileReference; lastKnownFileType = file; path = "fontawesome-webfont.ttf"; sourceTree = "<group>"; };
		6388D5E91D108B090029C988 /* AnimationLayerCreator.swift */ = {isa = PBXFileReference; fileEncoding = 4; lastKnownFileType = sourcecode.swift; path = AnimationLayerCreator.swift; sourceTree = "<group>"; };
		6388D5EA1D108B090029C988 /* BusyNavigationBarOptions.swift */ = {isa = PBXFileReference; fileEncoding = 4; lastKnownFileType = sourcecode.swift; path = BusyNavigationBarOptions.swift; sourceTree = "<group>"; };
		6388D5EB1D108B090029C988 /* UINavigationBar+Animation.swift */ = {isa = PBXFileReference; fileEncoding = 4; lastKnownFileType = sourcecode.swift; path = "UINavigationBar+Animation.swift"; sourceTree = "<group>"; };
		6388D5EF1D15B19B0029C988 /* Account+Business.swift */ = {isa = PBXFileReference; fileEncoding = 4; lastKnownFileType = sourcecode.swift; path = "Account+Business.swift"; sourceTree = "<group>"; };
		6388D5F11D15CB030029C988 /* RegisterController.swift */ = {isa = PBXFileReference; fileEncoding = 4; lastKnownFileType = sourcecode.swift; path = RegisterController.swift; sourceTree = "<group>"; };
		6388D5F31D15CD9B0029C988 /* LoginVM.swift */ = {isa = PBXFileReference; fileEncoding = 4; lastKnownFileType = sourcecode.swift; path = LoginVM.swift; sourceTree = "<group>"; };
		6388D5F41D15CD9B0029C988 /* RegisterVM.swift */ = {isa = PBXFileReference; fileEncoding = 4; lastKnownFileType = sourcecode.swift; path = RegisterVM.swift; sourceTree = "<group>"; };
		6388D5F71D15D5EB0029C988 /* UIViewController+ProgressView.swift */ = {isa = PBXFileReference; fileEncoding = 4; lastKnownFileType = sourcecode.swift; path = "UIViewController+ProgressView.swift"; sourceTree = "<group>"; };
		6388D5FA1D15D8440029C988 /* URLConvertible.swift */ = {isa = PBXFileReference; fileEncoding = 4; lastKnownFileType = sourcecode.swift; path = URLConvertible.swift; sourceTree = "<group>"; };
		6388D5FB1D15D8440029C988 /* URLNavigable.swift */ = {isa = PBXFileReference; fileEncoding = 4; lastKnownFileType = sourcecode.swift; path = URLNavigable.swift; sourceTree = "<group>"; };
		6388D5FC1D15D8440029C988 /* URLNavigator.swift */ = {isa = PBXFileReference; fileEncoding = 4; lastKnownFileType = sourcecode.swift; path = URLNavigator.swift; sourceTree = "<group>"; };
		6388D6001D15DC4A0029C988 /* DYURLNavigationMap.swift */ = {isa = PBXFileReference; fileEncoding = 4; lastKnownFileType = sourcecode.swift; path = DYURLNavigationMap.swift; sourceTree = "<group>"; };
		639187F31D09D7A800757F60 /* XCGLogger.swift */ = {isa = PBXFileReference; fileEncoding = 4; lastKnownFileType = sourcecode.swift; path = XCGLogger.swift; sourceTree = "<group>"; };
		639187F61D09EC1800757F60 /* DYLog.swift */ = {isa = PBXFileReference; fileEncoding = 4; lastKnownFileType = sourcecode.swift; path = DYLog.swift; sourceTree = "<group>"; };
		639187F81D09EE4200757F60 /* AppConst.swift */ = {isa = PBXFileReference; fileEncoding = 4; lastKnownFileType = sourcecode.swift; path = AppConst.swift; sourceTree = "<group>"; };
		639187FC1D09FB3E00757F60 /* DYUserDefaults.swift */ = {isa = PBXFileReference; fileEncoding = 4; lastKnownFileType = sourcecode.swift; path = DYUserDefaults.swift; sourceTree = "<group>"; };
		639188001D0A915800757F60 /* DynamicColor+Deriving.swift */ = {isa = PBXFileReference; fileEncoding = 4; lastKnownFileType = sourcecode.swift; path = "DynamicColor+Deriving.swift"; sourceTree = "<group>"; };
		639188011D0A915800757F60 /* DynamicColor+RGBA.swift */ = {isa = PBXFileReference; fileEncoding = 4; lastKnownFileType = sourcecode.swift; path = "DynamicColor+RGBA.swift"; sourceTree = "<group>"; };
		639188021D0A915800757F60 /* DynamicColor.swift */ = {isa = PBXFileReference; fileEncoding = 4; lastKnownFileType = sourcecode.swift; path = DynamicColor.swift; sourceTree = "<group>"; };
		639188031D0A915800757F60 /* HSL.swift */ = {isa = PBXFileReference; fileEncoding = 4; lastKnownFileType = sourcecode.swift; path = HSL.swift; sourceTree = "<group>"; };
		639188091D0A930500757F60 /* FlatUIColors.swift */ = {isa = PBXFileReference; fileEncoding = 4; lastKnownFileType = sourcecode.swift; path = FlatUIColors.swift; sourceTree = "<group>"; };
		63C6C11A1D2D4BC80090AC38 /* FlashWord.storyboard */ = {isa = PBXFileReference; fileEncoding = 4; lastKnownFileType = file.storyboard; path = FlashWord.storyboard; sourceTree = "<group>"; };
		63C6C11D1D2D4CD80090AC38 /* RootNavigationController.swift */ = {isa = PBXFileReference; fileEncoding = 4; lastKnownFileType = sourcecode.swift; path = RootNavigationController.swift; sourceTree = "<group>"; };
		63C6C11F1D2D4CEF0090AC38 /* RootTabBarController.swift */ = {isa = PBXFileReference; fileEncoding = 4; lastKnownFileType = sourcecode.swift; path = RootTabBarController.swift; sourceTree = "<group>"; };
		63C6C1211D2D56820090AC38 /* GuideLogin.storyboard */ = {isa = PBXFileReference; fileEncoding = 4; lastKnownFileType = file.storyboard; path = GuideLogin.storyboard; sourceTree = "<group>"; };
		840C8D131D179698009F2646 /* Async.swift */ = {isa = PBXFileReference; fileEncoding = 4; lastKnownFileType = sourcecode.swift; path = Async.swift; sourceTree = "<group>"; };
		840C8D161D179876009F2646 /* DYLineProgress.swift */ = {isa = PBXFileReference; fileEncoding = 4; lastKnownFileType = sourcecode.swift; path = DYLineProgress.swift; sourceTree = "<group>"; };
		84301CFE1D18DE8300BB3C5D /* DYLoader.swift */ = {isa = PBXFileReference; fileEncoding = 4; lastKnownFileType = sourcecode.swift; path = DYLoader.swift; sourceTree = "<group>"; };
		84301D001D18DEE200BB3C5D /* DYSucceedLoader.swift */ = {isa = PBXFileReference; fileEncoding = 4; lastKnownFileType = sourcecode.swift; path = DYSucceedLoader.swift; sourceTree = "<group>"; };
		84301D021D18DF1500BB3C5D /* DYFailLoader.swift */ = {isa = PBXFileReference; fileEncoding = 4; lastKnownFileType = sourcecode.swift; path = DYFailLoader.swift; sourceTree = "<group>"; };
		84301D061D18E95600BB3C5D /* DYInfiniteLoader.swift */ = {isa = PBXFileReference; fileEncoding = 4; lastKnownFileType = sourcecode.swift; path = DYInfiniteLoader.swift; sourceTree = "<group>"; };
		84301D161D190EE800BB3C5D /* DYSatelliteLoader.swift */ = {isa = PBXFileReference; fileEncoding = 4; lastKnownFileType = sourcecode.swift; path = DYSatelliteLoader.swift; sourceTree = "<group>"; };
		84301D191D1935E600BB3C5D /* TextAttributes.swift */ = {isa = PBXFileReference; fileEncoding = 4; lastKnownFileType = sourcecode.swift; path = TextAttributes.swift; sourceTree = "<group>"; };
		84301D1B1D19362A00BB3C5D /* DYStringUtility.swift */ = {isa = PBXFileReference; fileEncoding = 4; lastKnownFileType = sourcecode.swift; path = DYStringUtility.swift; sourceTree = "<group>"; };
		84301D1E1D1940A900BB3C5D /* FontBlaster.swift */ = {isa = PBXFileReference; fileEncoding = 4; lastKnownFileType = sourcecode.swift; path = FontBlaster.swift; sourceTree = "<group>"; };
		84301D201D1953EA00BB3C5D /* DYTabBarController.swift */ = {isa = PBXFileReference; fileEncoding = 4; lastKnownFileType = sourcecode.swift; path = DYTabBarController.swift; sourceTree = "<group>"; };
		84301D231D1959AE00BB3C5D /* DYTransitionAnimator.swift */ = {isa = PBXFileReference; fileEncoding = 4; lastKnownFileType = sourcecode.swift; path = DYTransitionAnimator.swift; sourceTree = "<group>"; };
		844FBA3E1D0FBFE700D6C2EA /* DYViewModel.swift */ = {isa = PBXFileReference; fileEncoding = 4; lastKnownFileType = sourcecode.swift; name = DYViewModel.swift; path = FlashWord/Model/DYViewModel.swift; sourceTree = SOURCE_ROOT; };
		844FBA451D0FE0F900D6C2EA /* NVActivityIndicatorAnimationBallBeat.swift */ = {isa = PBXFileReference; fileEncoding = 4; lastKnownFileType = sourcecode.swift; path = NVActivityIndicatorAnimationBallBeat.swift; sourceTree = "<group>"; };
		844FBA461D0FE0F900D6C2EA /* NVActivityIndicatorAnimationBallClipRotate.swift */ = {isa = PBXFileReference; fileEncoding = 4; lastKnownFileType = sourcecode.swift; path = NVActivityIndicatorAnimationBallClipRotate.swift; sourceTree = "<group>"; };
		844FBA471D0FE0F900D6C2EA /* NVActivityIndicatorAnimationBallClipRotateMultiple.swift */ = {isa = PBXFileReference; fileEncoding = 4; lastKnownFileType = sourcecode.swift; path = NVActivityIndicatorAnimationBallClipRotateMultiple.swift; sourceTree = "<group>"; };
		844FBA481D0FE0F900D6C2EA /* NVActivityIndicatorAnimationBallClipRotatePulse.swift */ = {isa = PBXFileReference; fileEncoding = 4; lastKnownFileType = sourcecode.swift; path = NVActivityIndicatorAnimationBallClipRotatePulse.swift; sourceTree = "<group>"; };
		844FBA491D0FE0F900D6C2EA /* NVActivityIndicatorAnimationBallGridBeat.swift */ = {isa = PBXFileReference; fileEncoding = 4; lastKnownFileType = sourcecode.swift; path = NVActivityIndicatorAnimationBallGridBeat.swift; sourceTree = "<group>"; };
		844FBA4A1D0FE0F900D6C2EA /* NVActivityIndicatorAnimationBallGridPulse.swift */ = {isa = PBXFileReference; fileEncoding = 4; lastKnownFileType = sourcecode.swift; path = NVActivityIndicatorAnimationBallGridPulse.swift; sourceTree = "<group>"; };
		844FBA4B1D0FE0F900D6C2EA /* NVActivityIndicatorAnimationBallPulse.swift */ = {isa = PBXFileReference; fileEncoding = 4; lastKnownFileType = sourcecode.swift; path = NVActivityIndicatorAnimationBallPulse.swift; sourceTree = "<group>"; };
		844FBA4C1D0FE0F900D6C2EA /* NVActivityIndicatorAnimationBallPulseRise.swift */ = {isa = PBXFileReference; fileEncoding = 4; lastKnownFileType = sourcecode.swift; path = NVActivityIndicatorAnimationBallPulseRise.swift; sourceTree = "<group>"; };
		844FBA4D1D0FE0F900D6C2EA /* NVActivityIndicatorAnimationBallPulseSync.swift */ = {isa = PBXFileReference; fileEncoding = 4; lastKnownFileType = sourcecode.swift; path = NVActivityIndicatorAnimationBallPulseSync.swift; sourceTree = "<group>"; };
		844FBA4E1D0FE0F900D6C2EA /* NVActivityIndicatorAnimationBallRotate.swift */ = {isa = PBXFileReference; fileEncoding = 4; lastKnownFileType = sourcecode.swift; path = NVActivityIndicatorAnimationBallRotate.swift; sourceTree = "<group>"; };
		844FBA4F1D0FE0F900D6C2EA /* NVActivityIndicatorAnimationBallRotateChase.swift */ = {isa = PBXFileReference; fileEncoding = 4; lastKnownFileType = sourcecode.swift; path = NVActivityIndicatorAnimationBallRotateChase.swift; sourceTree = "<group>"; };
		844FBA501D0FE0F900D6C2EA /* NVActivityIndicatorAnimationBallScale.swift */ = {isa = PBXFileReference; fileEncoding = 4; lastKnownFileType = sourcecode.swift; path = NVActivityIndicatorAnimationBallScale.swift; sourceTree = "<group>"; };
		844FBA511D0FE0F900D6C2EA /* NVActivityIndicatorAnimationBallScaleMultiple.swift */ = {isa = PBXFileReference; fileEncoding = 4; lastKnownFileType = sourcecode.swift; path = NVActivityIndicatorAnimationBallScaleMultiple.swift; sourceTree = "<group>"; };
		844FBA521D0FE0F900D6C2EA /* NVActivityIndicatorAnimationBallScaleRipple.swift */ = {isa = PBXFileReference; fileEncoding = 4; lastKnownFileType = sourcecode.swift; path = NVActivityIndicatorAnimationBallScaleRipple.swift; sourceTree = "<group>"; };
		844FBA531D0FE0F900D6C2EA /* NVActivityIndicatorAnimationBallScaleRippleMultiple.swift */ = {isa = PBXFileReference; fileEncoding = 4; lastKnownFileType = sourcecode.swift; path = NVActivityIndicatorAnimationBallScaleRippleMultiple.swift; sourceTree = "<group>"; };
		844FBA541D0FE0F900D6C2EA /* NVActivityIndicatorAnimationBallSpinFadeLoader.swift */ = {isa = PBXFileReference; fileEncoding = 4; lastKnownFileType = sourcecode.swift; path = NVActivityIndicatorAnimationBallSpinFadeLoader.swift; sourceTree = "<group>"; };
		844FBA551D0FE0F900D6C2EA /* NVActivityIndicatorAnimationBallTrianglePath.swift */ = {isa = PBXFileReference; fileEncoding = 4; lastKnownFileType = sourcecode.swift; path = NVActivityIndicatorAnimationBallTrianglePath.swift; sourceTree = "<group>"; };
		844FBA561D0FE0F900D6C2EA /* NVActivityIndicatorAnimationBallZigZag.swift */ = {isa = PBXFileReference; fileEncoding = 4; lastKnownFileType = sourcecode.swift; path = NVActivityIndicatorAnimationBallZigZag.swift; sourceTree = "<group>"; };
		844FBA571D0FE0F900D6C2EA /* NVActivityIndicatorAnimationBallZigZagDeflect.swift */ = {isa = PBXFileReference; fileEncoding = 4; lastKnownFileType = sourcecode.swift; path = NVActivityIndicatorAnimationBallZigZagDeflect.swift; sourceTree = "<group>"; };
		844FBA581D0FE0F900D6C2EA /* NVActivityIndicatorAnimationBlank.swift */ = {isa = PBXFileReference; fileEncoding = 4; lastKnownFileType = sourcecode.swift; path = NVActivityIndicatorAnimationBlank.swift; sourceTree = "<group>"; };
		844FBA591D0FE0F900D6C2EA /* NVActivityIndicatorAnimationCubeTransition.swift */ = {isa = PBXFileReference; fileEncoding = 4; lastKnownFileType = sourcecode.swift; path = NVActivityIndicatorAnimationCubeTransition.swift; sourceTree = "<group>"; };
		844FBA5A1D0FE0F900D6C2EA /* NVActivityIndicatorAnimationLineScale.swift */ = {isa = PBXFileReference; fileEncoding = 4; lastKnownFileType = sourcecode.swift; path = NVActivityIndicatorAnimationLineScale.swift; sourceTree = "<group>"; };
		844FBA5B1D0FE0F900D6C2EA /* NVActivityIndicatorAnimationLineScaleParty.swift */ = {isa = PBXFileReference; fileEncoding = 4; lastKnownFileType = sourcecode.swift; path = NVActivityIndicatorAnimationLineScaleParty.swift; sourceTree = "<group>"; };
		844FBA5C1D0FE0F900D6C2EA /* NVActivityIndicatorAnimationLineScalePulseOut.swift */ = {isa = PBXFileReference; fileEncoding = 4; lastKnownFileType = sourcecode.swift; path = NVActivityIndicatorAnimationLineScalePulseOut.swift; sourceTree = "<group>"; };
		844FBA5D1D0FE0F900D6C2EA /* NVActivityIndicatorAnimationLineScalePulseOutRapid.swift */ = {isa = PBXFileReference; fileEncoding = 4; lastKnownFileType = sourcecode.swift; path = NVActivityIndicatorAnimationLineScalePulseOutRapid.swift; sourceTree = "<group>"; };
		844FBA5E1D0FE0F900D6C2EA /* NVActivityIndicatorAnimationLineSpinFadeLoader.swift */ = {isa = PBXFileReference; fileEncoding = 4; lastKnownFileType = sourcecode.swift; path = NVActivityIndicatorAnimationLineSpinFadeLoader.swift; sourceTree = "<group>"; };
		844FBA5F1D0FE0F900D6C2EA /* NVActivityIndicatorAnimationOrbit.swift */ = {isa = PBXFileReference; fileEncoding = 4; lastKnownFileType = sourcecode.swift; path = NVActivityIndicatorAnimationOrbit.swift; sourceTree = "<group>"; };
		844FBA601D0FE0F900D6C2EA /* NVActivityIndicatorAnimationPacman.swift */ = {isa = PBXFileReference; fileEncoding = 4; lastKnownFileType = sourcecode.swift; path = NVActivityIndicatorAnimationPacman.swift; sourceTree = "<group>"; };
		844FBA611D0FE0F900D6C2EA /* NVActivityIndicatorAnimationSemiCircleSpin.swift */ = {isa = PBXFileReference; fileEncoding = 4; lastKnownFileType = sourcecode.swift; path = NVActivityIndicatorAnimationSemiCircleSpin.swift; sourceTree = "<group>"; };
		844FBA621D0FE0F900D6C2EA /* NVActivityIndicatorAnimationSquareSpin.swift */ = {isa = PBXFileReference; fileEncoding = 4; lastKnownFileType = sourcecode.swift; path = NVActivityIndicatorAnimationSquareSpin.swift; sourceTree = "<group>"; };
		844FBA631D0FE0F900D6C2EA /* NVActivityIndicatorAnimationTriangleSkewSpin.swift */ = {isa = PBXFileReference; fileEncoding = 4; lastKnownFileType = sourcecode.swift; path = NVActivityIndicatorAnimationTriangleSkewSpin.swift; sourceTree = "<group>"; };
		844FBA641D0FE0F900D6C2EA /* NVActivityIndicatorAnimationDelegate.swift */ = {isa = PBXFileReference; fileEncoding = 4; lastKnownFileType = sourcecode.swift; path = NVActivityIndicatorAnimationDelegate.swift; sourceTree = "<group>"; };
		844FBA651D0FE0F900D6C2EA /* NVActivityIndicatorShape.swift */ = {isa = PBXFileReference; fileEncoding = 4; lastKnownFileType = sourcecode.swift; path = NVActivityIndicatorShape.swift; sourceTree = "<group>"; };
		844FBA661D0FE0F900D6C2EA /* NVActivityIndicatorView.h */ = {isa = PBXFileReference; fileEncoding = 4; lastKnownFileType = sourcecode.c.h; path = NVActivityIndicatorView.h; sourceTree = "<group>"; };
		844FBA671D0FE0F900D6C2EA /* NVActivityIndicatorView.swift */ = {isa = PBXFileReference; fileEncoding = 4; lastKnownFileType = sourcecode.swift; path = NVActivityIndicatorView.swift; sourceTree = "<group>"; };
		844FBA681D0FE0F900D6C2EA /* NVActivityIndicatorViewable.swift */ = {isa = PBXFileReference; fileEncoding = 4; lastKnownFileType = sourcecode.swift; path = NVActivityIndicatorViewable.swift; sourceTree = "<group>"; };
		844FBA8C1D0FE2B700D6C2EA /* UIViewController+Utility.swift */ = {isa = PBXFileReference; fileEncoding = 4; lastKnownFileType = sourcecode.swift; path = "UIViewController+Utility.swift"; sourceTree = "<group>"; };
		844FBA8E1D102F2000D6C2EA /* DYProgressView.swift */ = {isa = PBXFileReference; fileEncoding = 4; lastKnownFileType = sourcecode.swift; path = DYProgressView.swift; sourceTree = "<group>"; };
		847D70361D1298EA0025B54A /* UIViewController+State.swift */ = {isa = PBXFileReference; fileEncoding = 4; lastKnownFileType = sourcecode.swift; path = "UIViewController+State.swift"; sourceTree = "<group>"; };
		847D70381D12A4AD0025B54A /* ObjectUtility.swift */ = {isa = PBXFileReference; fileEncoding = 4; lastKnownFileType = sourcecode.swift; path = ObjectUtility.swift; sourceTree = "<group>"; };
		8492F19D1D0EA2EE00EA95EE /* FlashWord.xcdatamodel */ = {isa = PBXFileReference; lastKnownFileType = wrapper.xcdatamodel; path = FlashWord.xcdatamodel; sourceTree = "<group>"; };
/* End PBXFileReference section */

/* Begin PBXFrameworksBuildPhase section */
		635B93A71D09A40500A81CAF /* Frameworks */ = {
			isa = PBXFrameworksBuildPhase;
			buildActionMask = 2147483647;
			files = (
				632D04E21D09C94A00F9744B /* RxSwift.framework in Frameworks */,
				632D04E01D09C94700F9744B /* RxCocoa.framework in Frameworks */,
				632D04DE1D09C94400F9744B /* MagicalRecord.framework in Frameworks */,
				F79FE96208CB634B4372980C /* Pods_FlashWord.framework in Frameworks */,
				6388D5B51D0C7A4F0029C988 /* AVOSCloud.framework in Frameworks */,
				6388D5B61D0C7AA70029C988 /* AVOSCloud.framework in Frameworks */,
			);
			runOnlyForDeploymentPostprocessing = 0;
		};
		635B93BD1D09A40500A81CAF /* Frameworks */ = {
			isa = PBXFrameworksBuildPhase;
			buildActionMask = 2147483647;
			files = (
			);
			runOnlyForDeploymentPostprocessing = 0;
		};
		635B93C81D09A40500A81CAF /* Frameworks */ = {
			isa = PBXFrameworksBuildPhase;
			buildActionMask = 2147483647;
			files = (
			);
			runOnlyForDeploymentPostprocessing = 0;
		};
/* End PBXFrameworksBuildPhase section */

/* Begin PBXGroup section */
		07ECE8CD10CD5DC31CCE1140 /* Pods */ = {
			isa = PBXGroup;
			children = (
				0402EC8172EC4DD126065338 /* Pods-FlashWord.debug.xcconfig */,
				1E932C9C1D7FDCFDEF1B98CF /* Pods-FlashWord.release.xcconfig */,
			);
			name = Pods;
			sourceTree = "<group>";
		};
		141048315BBF40519FC5B823 /* Frameworks */ = {
			isa = PBXGroup;
			children = (
				632D04E11D09C94A00F9744B /* RxSwift.framework */,
				632D04DF1D09C94700F9744B /* RxCocoa.framework */,
				632D04DD1D09C94400F9744B /* MagicalRecord.framework */,
				2FA376F5E1793DFA7F9D953B /* Pods_FlashWord.framework */,
			);
			name = Frameworks;
			sourceTree = "<group>";
		};
		632D04E31D09C9BD00F9744B /* Model */ = {
			isa = PBXGroup;
			children = (
				632D04E81D09CB3400F9744B /* AccountData */,
				632D04ED1D09CE9D00F9744B /* DYDataCenter.swift */,
				8492F19C1D0EA2EE00EA95EE /* FlashWord.xcdatamodeld */,
			);
			path = Model;
			sourceTree = "<group>";
		};
		632D04E81D09CB3400F9744B /* AccountData */ = {
			isa = PBXGroup;
			children = (
				632D04EA1D09CB4700F9744B /* AccountData.swift */,
				6388D5EF1D15B19B0029C988 /* Account+Business.swift */,
			);
			path = AccountData;
			sourceTree = "<group>";
		};
		6349F22C1D303ABC002210E0 /* TableView */ = {
			isa = PBXGroup;
			children = (
				6349F22D1D303ABC002210E0 /* DYStaticTableView */,
			);
			path = TableView;
			sourceTree = "<group>";
		};
		6349F22D1D303ABC002210E0 /* DYStaticTableView */ = {
			isa = PBXGroup;
			children = (
				6349F22E1D303ADE002210E0 /* DYOriginalRow.swift */,
				6349F2301D303D9A002210E0 /* DYOriginalSection.swift */,
				6349F2321D30433F002210E0 /* DYOriginalTable.swift */,
				6349F2341D304AA5002210E0 /* DYStaticTableController.swift */,
			);
			path = DYStaticTableView;
			sourceTree = "<group>";
		};
		6349F2381D31E1C2002210E0 /* AlertController */ = {
			isa = PBXGroup;
			children = (
				6349F2391D31E1C2002210E0 /* DOAlertController.swift */,
			);
			path = AlertController;
			sourceTree = "<group>";
		};
		635B93A11D09A40500A81CAF = {
			isa = PBXGroup;
			children = (
				635B93AC1D09A40500A81CAF /* FlashWord */,
				635B93C31D09A40500A81CAF /* FlashWordTests */,
				635B93CE1D09A40500A81CAF /* FlashWordUITests */,
				635B93AB1D09A40500A81CAF /* Products */,
				07ECE8CD10CD5DC31CCE1140 /* Pods */,
				141048315BBF40519FC5B823 /* Frameworks */,
			);
			sourceTree = "<group>";
		};
		635B93AB1D09A40500A81CAF /* Products */ = {
			isa = PBXGroup;
			children = (
				635B93AA1D09A40500A81CAF /* FlashWord.app */,
				635B93C01D09A40500A81CAF /* FlashWordTests.xctest */,
				635B93CB1D09A40500A81CAF /* FlashWordUITests.xctest */,
			);
			name = Products;
			sourceTree = "<group>";
		};
		635B93AC1D09A40500A81CAF /* FlashWord */ = {
			isa = PBXGroup;
			children = (
				639187F11D09D7A800757F60 /* Foundation */,
				632D04E31D09C9BD00F9744B /* Model */,
				6388D5D01D0DB2CD0029C988 /* UI */,
				6388D5E01D0DC9850029C988 /* Resource */,
				63C6C1191D2D4B720090AC38 /* Storyboard */,
				635B93AD1D09A40500A81CAF /* AppDelegate.swift */,
				635B93AF1D09A40500A81CAF /* FirstViewController.swift */,
				635B93B11D09A40500A81CAF /* SecondViewController.swift */,
				635B93B61D09A40500A81CAF /* Assets.xcassets */,
				635B93B81D09A40500A81CAF /* LaunchScreen.storyboard */,
				635B93BB1D09A40500A81CAF /* Info.plist */,
				632D04DC1D09C7E600F9744B /* FlashWord-Bridging-Header.h */,
				639187F81D09EE4200757F60 /* AppConst.swift */,
				6388D5B31D0C7A4F0029C988 /* Library */,
			);
			path = FlashWord;
			sourceTree = "<group>";
		};
		635B93C31D09A40500A81CAF /* FlashWordTests */ = {
			isa = PBXGroup;
			children = (
				635B93C41D09A40500A81CAF /* FlashWordTests.swift */,
				635B93C61D09A40500A81CAF /* Info.plist */,
			);
			path = FlashWordTests;
			sourceTree = "<group>";
		};
		635B93CE1D09A40500A81CAF /* FlashWordUITests */ = {
			isa = PBXGroup;
			children = (
				635B93CF1D09A40600A81CAF /* FlashWordUITests.swift */,
				635B93D11D09A40600A81CAF /* Info.plist */,
			);
			path = FlashWordUITests;
			sourceTree = "<group>";
		};
		6388D5B31D0C7A4F0029C988 /* Library */ = {
			isa = PBXGroup;
			children = (
				6388D5B41D0C7A4F0029C988 /* AVOSCloud.framework */,
			);
			path = Library;
			sourceTree = "<group>";
		};
		6388D5B91D0DACFE0029C988 /* Utility */ = {
			isa = PBXGroup;
			children = (
				6388D5BA1D0DAD630029C988 /* CGRectUtility.swift */,
				6388D5C91D0DAFDC0029C988 /* NSTimerUtility.swift */,
				847D70381D12A4AD0025B54A /* ObjectUtility.swift */,
			);
			path = Utility;
			sourceTree = "<group>";
		};
		6388D5BF1D0DAE310029C988 /* TransionAnimator */ = {
			isa = PBXGroup;
			children = (
				6388D5C01D0DAE310029C988 /* FadeTransitionAnimator.swift */,
			);
			path = TransionAnimator;
			sourceTree = "<group>";
		};
		6388D5C21D0DAEAC0029C988 /* UI */ = {
			isa = PBXGroup;
			children = (
				6349F2381D31E1C2002210E0 /* AlertController */,
				6349F22C1D303ABC002210E0 /* TableView */,
				84301D221D19599700BB3C5D /* TrasitionAnimator */,
				6388D5E71D108B090029C988 /* NavigationBar */,
				844FBA421D0FE0F900D6C2EA /* ProgressView */,
				6388D5CB1D0DB1620029C988 /* ViewController */,
				6388D5C31D0DAEAC0029C988 /* CALayer */,
				6388D5C61D0DAEEB0029C988 /* Button */,
				6388D5D81D0DC45B0029C988 /* TextField */,
			);
			path = UI;
			sourceTree = "<group>";
		};
		6388D5C31D0DAEAC0029C988 /* CALayer */ = {
			isa = PBXGroup;
			children = (
				6388D5C41D0DAEAC0029C988 /* SpinerLayer.swift */,
			);
			path = CALayer;
			sourceTree = "<group>";
		};
		6388D5C61D0DAEEB0029C988 /* Button */ = {
			isa = PBXGroup;
			children = (
				6388D5C71D0DAEEB0029C988 /* DYSubmitButton.swift */,
			);
			path = Button;
			sourceTree = "<group>";
		};
		6388D5CB1D0DB1620029C988 /* ViewController */ = {
			isa = PBXGroup;
			children = (
				6388D5CC1D0DB1900029C988 /* DYViewController.swift */,
				6388D5CE1D0DB1AC0029C988 /* DYNavigationController.swift */,
				84301D201D1953EA00BB3C5D /* DYTabBarController.swift */,
				844FBA8C1D0FE2B700D6C2EA /* UIViewController+Utility.swift */,
				6388D5F71D15D5EB0029C988 /* UIViewController+ProgressView.swift */,
				847D70361D1298EA0025B54A /* UIViewController+State.swift */,
			);
			path = ViewController;
			sourceTree = "<group>";
		};
		6388D5D01D0DB2CD0029C988 /* UI */ = {
			isa = PBXGroup;
			children = (
				63C6C11C1D2D4C500090AC38 /* RootController */,
				6388D5D11D0DB2CD0029C988 /* LoginRegister */,
			);
			path = UI;
			sourceTree = "<group>";
		};
		6388D5D11D0DB2CD0029C988 /* LoginRegister */ = {
			isa = PBXGroup;
			children = (
				6388D5D41D0DB3700029C988 /* Controller */,
				6388D5D61D0DB3700029C988 /* ViewModel */,
			);
			path = LoginRegister;
			sourceTree = "<group>";
		};
		6388D5D41D0DB3700029C988 /* Controller */ = {
			isa = PBXGroup;
			children = (
				6388D5D51D0DB3700029C988 /* LoginController.swift */,
				6388D5F11D15CB030029C988 /* RegisterController.swift */,
				6349F2251D2EB9CE002210E0 /* ResetPasswordController.swift */,
				6349F22A1D30201D002210E0 /* LoginRegisterController.swift */,
			);
			path = Controller;
			sourceTree = "<group>";
		};
		6388D5D61D0DB3700029C988 /* ViewModel */ = {
			isa = PBXGroup;
			children = (
				6388D5F31D15CD9B0029C988 /* LoginVM.swift */,
				6388D5F41D15CD9B0029C988 /* RegisterVM.swift */,
				844FBA3E1D0FBFE700D6C2EA /* DYViewModel.swift */,
			);
			path = ViewModel;
			sourceTree = "<group>";
		};
		6388D5D81D0DC45B0029C988 /* TextField */ = {
			isa = PBXGroup;
			children = (
				6388D5D91D0DC45B0029C988 /* SkyFloatingLabelTextField */,
			);
			path = TextField;
			sourceTree = "<group>";
		};
		6388D5D91D0DC45B0029C988 /* SkyFloatingLabelTextField */ = {
			isa = PBXGroup;
			children = (
				6388D5DA1D0DC45B0029C988 /* SkyFloatingLabelTextField.swift */,
				6388D5DB1D0DC45B0029C988 /* SkyFloatingLabelTextFieldWithIcon.swift */,
				6388D5DC1D0DC45B0029C988 /* UITextField+SkyFloatingLabel.swift */,
			);
			path = SkyFloatingLabelTextField;
			sourceTree = "<group>";
		};
		6388D5E01D0DC9850029C988 /* Resource */ = {
			isa = PBXGroup;
			children = (
				6388D5E11D0DC9850029C988 /* Font */,
			);
			path = Resource;
			sourceTree = "<group>";
		};
		6388D5E11D0DC9850029C988 /* Font */ = {
			isa = PBXGroup;
			children = (
				6388D5E21D0DC9850029C988 /* fontawesome-webfont.ttf */,
			);
			path = Font;
			sourceTree = "<group>";
		};
		6388D5E71D108B090029C988 /* NavigationBar */ = {
			isa = PBXGroup;
			children = (
				6388D5E81D108B090029C988 /* BusyNavigationBar */,
			);
			path = NavigationBar;
			sourceTree = "<group>";
		};
		6388D5E81D108B090029C988 /* BusyNavigationBar */ = {
			isa = PBXGroup;
			children = (
				6388D5E91D108B090029C988 /* AnimationLayerCreator.swift */,
				6388D5EA1D108B090029C988 /* BusyNavigationBarOptions.swift */,
				6388D5EB1D108B090029C988 /* UINavigationBar+Animation.swift */,
			);
			path = BusyNavigationBar;
			sourceTree = "<group>";
		};
		6388D5F91D15D8440029C988 /* Navigator */ = {
			isa = PBXGroup;
			children = (
				6388D5FA1D15D8440029C988 /* URLConvertible.swift */,
				6388D5FB1D15D8440029C988 /* URLNavigable.swift */,
				6388D5FC1D15D8440029C988 /* URLNavigator.swift */,
				6388D6001D15DC4A0029C988 /* DYURLNavigationMap.swift */,
			);
			path = Navigator;
			sourceTree = "<group>";
		};
		639187F11D09D7A800757F60 /* Foundation */ = {
			isa = PBXGroup;
			children = (
				84301D1D1D1940A900BB3C5D /* Font */,
				84301D181D1935E600BB3C5D /* String */,
				840C8D121D179698009F2646 /* Async */,
				6388D5F91D15D8440029C988 /* Navigator */,
				6388D5C21D0DAEAC0029C988 /* UI */,
				6388D5BF1D0DAE310029C988 /* TransionAnimator */,
				6388D5B91D0DACFE0029C988 /* Utility */,
				639187FE1D0A915800757F60 /* Color */,
				639187FB1D09FB3E00757F60 /* UserDefaults */,
				639187F21D09D7A800757F60 /* Logger */,
			);
			path = Foundation;
			sourceTree = "<group>";
		};
		639187F21D09D7A800757F60 /* Logger */ = {
			isa = PBXGroup;
			children = (
				639187F31D09D7A800757F60 /* XCGLogger.swift */,
				639187F61D09EC1800757F60 /* DYLog.swift */,
			);
			path = Logger;
			sourceTree = "<group>";
		};
		639187FB1D09FB3E00757F60 /* UserDefaults */ = {
			isa = PBXGroup;
			children = (
				639187FC1D09FB3E00757F60 /* DYUserDefaults.swift */,
			);
			path = UserDefaults;
			sourceTree = "<group>";
		};
		639187FE1D0A915800757F60 /* Color */ = {
			isa = PBXGroup;
			children = (
				639188081D0A930500757F60 /* FlatUIColors */,
				639187FF1D0A915800757F60 /* DynamicColor */,
			);
			path = Color;
			sourceTree = "<group>";
		};
		639187FF1D0A915800757F60 /* DynamicColor */ = {
			isa = PBXGroup;
			children = (
				639188001D0A915800757F60 /* DynamicColor+Deriving.swift */,
				639188011D0A915800757F60 /* DynamicColor+RGBA.swift */,
				639188021D0A915800757F60 /* DynamicColor.swift */,
				639188031D0A915800757F60 /* HSL.swift */,
			);
			path = DynamicColor;
			sourceTree = "<group>";
		};
		639188081D0A930500757F60 /* FlatUIColors */ = {
			isa = PBXGroup;
			children = (
				639188091D0A930500757F60 /* FlatUIColors.swift */,
			);
			path = FlatUIColors;
			sourceTree = "<group>";
		};
		63C6C1191D2D4B720090AC38 /* Storyboard */ = {
			isa = PBXGroup;
			children = (
				63C6C1211D2D56820090AC38 /* GuideLogin.storyboard */,
				63C6C11A1D2D4BC80090AC38 /* FlashWord.storyboard */,
			);
			path = Storyboard;
			sourceTree = "<group>";
		};
		63C6C11C1D2D4C500090AC38 /* RootController */ = {
			isa = PBXGroup;
			children = (
				63C6C11D1D2D4CD80090AC38 /* RootNavigationController.swift */,
				63C6C11F1D2D4CEF0090AC38 /* RootTabBarController.swift */,
			);
			path = RootController;
			sourceTree = "<group>";
		};
		840C8D121D179698009F2646 /* Async */ = {
			isa = PBXGroup;
			children = (
				840C8D131D179698009F2646 /* Async.swift */,
			);
			path = Async;
			sourceTree = "<group>";
		};
		840C8D151D17986C009F2646 /* DYLineProgress */ = {
			isa = PBXGroup;
			children = (
				840C8D161D179876009F2646 /* DYLineProgress.swift */,
				84301CFE1D18DE8300BB3C5D /* DYLoader.swift */,
				84301D001D18DEE200BB3C5D /* DYSucceedLoader.swift */,
				84301D021D18DF1500BB3C5D /* DYFailLoader.swift */,
				84301D061D18E95600BB3C5D /* DYInfiniteLoader.swift */,
				84301D161D190EE800BB3C5D /* DYSatelliteLoader.swift */,
			);
			path = DYLineProgress;
			sourceTree = "<group>";
		};
		84301D181D1935E600BB3C5D /* String */ = {
			isa = PBXGroup;
			children = (
				84301D191D1935E600BB3C5D /* TextAttributes.swift */,
				84301D1B1D19362A00BB3C5D /* DYStringUtility.swift */,
			);
			path = String;
			sourceTree = "<group>";
		};
		84301D1D1D1940A900BB3C5D /* Font */ = {
			isa = PBXGroup;
			children = (
				84301D1E1D1940A900BB3C5D /* FontBlaster.swift */,
			);
			path = Font;
			sourceTree = "<group>";
		};
		84301D221D19599700BB3C5D /* TrasitionAnimator */ = {
			isa = PBXGroup;
			children = (
				84301D231D1959AE00BB3C5D /* DYTransitionAnimator.swift */,
			);
			path = TrasitionAnimator;
			sourceTree = "<group>";
		};
		844FBA421D0FE0F900D6C2EA /* ProgressView */ = {
			isa = PBXGroup;
			children = (
				840C8D151D17986C009F2646 /* DYLineProgress */,
				844FBA431D0FE0F900D6C2EA /* NVActivityIndicatorView */,
				844FBA8E1D102F2000D6C2EA /* DYProgressView.swift */,
			);
			path = ProgressView;
			sourceTree = "<group>";
		};
		844FBA431D0FE0F900D6C2EA /* NVActivityIndicatorView */ = {
			isa = PBXGroup;
			children = (
				844FBA441D0FE0F900D6C2EA /* Animations */,
				844FBA641D0FE0F900D6C2EA /* NVActivityIndicatorAnimationDelegate.swift */,
				844FBA651D0FE0F900D6C2EA /* NVActivityIndicatorShape.swift */,
				844FBA661D0FE0F900D6C2EA /* NVActivityIndicatorView.h */,
				844FBA671D0FE0F900D6C2EA /* NVActivityIndicatorView.swift */,
				844FBA681D0FE0F900D6C2EA /* NVActivityIndicatorViewable.swift */,
			);
			path = NVActivityIndicatorView;
			sourceTree = "<group>";
		};
		844FBA441D0FE0F900D6C2EA /* Animations */ = {
			isa = PBXGroup;
			children = (
				844FBA451D0FE0F900D6C2EA /* NVActivityIndicatorAnimationBallBeat.swift */,
				844FBA461D0FE0F900D6C2EA /* NVActivityIndicatorAnimationBallClipRotate.swift */,
				844FBA471D0FE0F900D6C2EA /* NVActivityIndicatorAnimationBallClipRotateMultiple.swift */,
				844FBA481D0FE0F900D6C2EA /* NVActivityIndicatorAnimationBallClipRotatePulse.swift */,
				844FBA491D0FE0F900D6C2EA /* NVActivityIndicatorAnimationBallGridBeat.swift */,
				844FBA4A1D0FE0F900D6C2EA /* NVActivityIndicatorAnimationBallGridPulse.swift */,
				844FBA4B1D0FE0F900D6C2EA /* NVActivityIndicatorAnimationBallPulse.swift */,
				844FBA4C1D0FE0F900D6C2EA /* NVActivityIndicatorAnimationBallPulseRise.swift */,
				844FBA4D1D0FE0F900D6C2EA /* NVActivityIndicatorAnimationBallPulseSync.swift */,
				844FBA4E1D0FE0F900D6C2EA /* NVActivityIndicatorAnimationBallRotate.swift */,
				844FBA4F1D0FE0F900D6C2EA /* NVActivityIndicatorAnimationBallRotateChase.swift */,
				844FBA501D0FE0F900D6C2EA /* NVActivityIndicatorAnimationBallScale.swift */,
				844FBA511D0FE0F900D6C2EA /* NVActivityIndicatorAnimationBallScaleMultiple.swift */,
				844FBA521D0FE0F900D6C2EA /* NVActivityIndicatorAnimationBallScaleRipple.swift */,
				844FBA531D0FE0F900D6C2EA /* NVActivityIndicatorAnimationBallScaleRippleMultiple.swift */,
				844FBA541D0FE0F900D6C2EA /* NVActivityIndicatorAnimationBallSpinFadeLoader.swift */,
				844FBA551D0FE0F900D6C2EA /* NVActivityIndicatorAnimationBallTrianglePath.swift */,
				844FBA561D0FE0F900D6C2EA /* NVActivityIndicatorAnimationBallZigZag.swift */,
				844FBA571D0FE0F900D6C2EA /* NVActivityIndicatorAnimationBallZigZagDeflect.swift */,
				844FBA581D0FE0F900D6C2EA /* NVActivityIndicatorAnimationBlank.swift */,
				844FBA591D0FE0F900D6C2EA /* NVActivityIndicatorAnimationCubeTransition.swift */,
				844FBA5A1D0FE0F900D6C2EA /* NVActivityIndicatorAnimationLineScale.swift */,
				844FBA5B1D0FE0F900D6C2EA /* NVActivityIndicatorAnimationLineScaleParty.swift */,
				844FBA5C1D0FE0F900D6C2EA /* NVActivityIndicatorAnimationLineScalePulseOut.swift */,
				844FBA5D1D0FE0F900D6C2EA /* NVActivityIndicatorAnimationLineScalePulseOutRapid.swift */,
				844FBA5E1D0FE0F900D6C2EA /* NVActivityIndicatorAnimationLineSpinFadeLoader.swift */,
				844FBA5F1D0FE0F900D6C2EA /* NVActivityIndicatorAnimationOrbit.swift */,
				844FBA601D0FE0F900D6C2EA /* NVActivityIndicatorAnimationPacman.swift */,
				844FBA611D0FE0F900D6C2EA /* NVActivityIndicatorAnimationSemiCircleSpin.swift */,
				844FBA621D0FE0F900D6C2EA /* NVActivityIndicatorAnimationSquareSpin.swift */,
				844FBA631D0FE0F900D6C2EA /* NVActivityIndicatorAnimationTriangleSkewSpin.swift */,
			);
			path = Animations;
			sourceTree = "<group>";
		};
/* End PBXGroup section */

/* Begin PBXNativeTarget section */
		635B93A91D09A40500A81CAF /* FlashWord */ = {
			isa = PBXNativeTarget;
			buildConfigurationList = 635B93D41D09A40600A81CAF /* Build configuration list for PBXNativeTarget "FlashWord" */;
			buildPhases = (
				0087856BBFA04A22660BC322 /* [CP] Check Pods Manifest.lock */,
				635B93A61D09A40500A81CAF /* Sources */,
				635B93A71D09A40500A81CAF /* Frameworks */,
				635B93A81D09A40500A81CAF /* Resources */,
				8E032C6FB86B61386D978A42 /* [CP] Embed Pods Frameworks */,
				B08E6EB18A0C5DF0BDEF63D9 /* [CP] Copy Pods Resources */,
				639187FA1D09F24200757F60 /* ShellScript */,
				6388D5B81D0C7AA80029C988 /* Embed Frameworks */,
			);
			buildRules = (
			);
			dependencies = (
			);
			name = FlashWord;
			productName = FlashWord;
			productReference = 635B93AA1D09A40500A81CAF /* FlashWord.app */;
			productType = "com.apple.product-type.application";
		};
		635B93BF1D09A40500A81CAF /* FlashWordTests */ = {
			isa = PBXNativeTarget;
			buildConfigurationList = 635B93D71D09A40600A81CAF /* Build configuration list for PBXNativeTarget "FlashWordTests" */;
			buildPhases = (
				635B93BC1D09A40500A81CAF /* Sources */,
				635B93BD1D09A40500A81CAF /* Frameworks */,
				635B93BE1D09A40500A81CAF /* Resources */,
			);
			buildRules = (
			);
			dependencies = (
				635B93C21D09A40500A81CAF /* PBXTargetDependency */,
			);
			name = FlashWordTests;
			productName = FlashWordTests;
			productReference = 635B93C01D09A40500A81CAF /* FlashWordTests.xctest */;
			productType = "com.apple.product-type.bundle.unit-test";
		};
		635B93CA1D09A40500A81CAF /* FlashWordUITests */ = {
			isa = PBXNativeTarget;
			buildConfigurationList = 635B93DA1D09A40600A81CAF /* Build configuration list for PBXNativeTarget "FlashWordUITests" */;
			buildPhases = (
				635B93C71D09A40500A81CAF /* Sources */,
				635B93C81D09A40500A81CAF /* Frameworks */,
				635B93C91D09A40500A81CAF /* Resources */,
			);
			buildRules = (
			);
			dependencies = (
				635B93CD1D09A40500A81CAF /* PBXTargetDependency */,
			);
			name = FlashWordUITests;
			productName = FlashWordUITests;
			productReference = 635B93CB1D09A40500A81CAF /* FlashWordUITests.xctest */;
			productType = "com.apple.product-type.bundle.ui-testing";
		};
/* End PBXNativeTarget section */

/* Begin PBXProject section */
		635B93A21D09A40500A81CAF /* Project object */ = {
			isa = PBXProject;
			attributes = {
				LastSwiftUpdateCheck = 0730;
				LastUpgradeCheck = 0730;
				ORGANIZATIONNAME = FlashWord;
				TargetAttributes = {
					635B93A91D09A40500A81CAF = {
						CreatedOnToolsVersion = 7.3;
						DevelopmentTeam = P3Q355LSDY;
					};
					635B93BF1D09A40500A81CAF = {
						CreatedOnToolsVersion = 7.3;
						TestTargetID = 635B93A91D09A40500A81CAF;
					};
					635B93CA1D09A40500A81CAF = {
						CreatedOnToolsVersion = 7.3;
						TestTargetID = 635B93A91D09A40500A81CAF;
					};
				};
			};
			buildConfigurationList = 635B93A51D09A40500A81CAF /* Build configuration list for PBXProject "FlashWord" */;
			compatibilityVersion = "Xcode 3.2";
			developmentRegion = English;
			hasScannedForEncodings = 0;
			knownRegions = (
				en,
				Base,
			);
			mainGroup = 635B93A11D09A40500A81CAF;
			productRefGroup = 635B93AB1D09A40500A81CAF /* Products */;
			projectDirPath = "";
			projectRoot = "";
			targets = (
				635B93A91D09A40500A81CAF /* FlashWord */,
				635B93BF1D09A40500A81CAF /* FlashWordTests */,
				635B93CA1D09A40500A81CAF /* FlashWordUITests */,
			);
		};
/* End PBXProject section */

/* Begin PBXResourcesBuildPhase section */
		635B93A81D09A40500A81CAF /* Resources */ = {
			isa = PBXResourcesBuildPhase;
			buildActionMask = 2147483647;
			files = (
				63C6C11B1D2D4BC80090AC38 /* FlashWord.storyboard in Resources */,
				63C6C1221D2D56820090AC38 /* GuideLogin.storyboard in Resources */,
				635B93BA1D09A40500A81CAF /* LaunchScreen.storyboard in Resources */,
				6388D5E31D0DC9850029C988 /* fontawesome-webfont.ttf in Resources */,
				635B93B71D09A40500A81CAF /* Assets.xcassets in Resources */,
			);
			runOnlyForDeploymentPostprocessing = 0;
		};
		635B93BE1D09A40500A81CAF /* Resources */ = {
			isa = PBXResourcesBuildPhase;
			buildActionMask = 2147483647;
			files = (
			);
			runOnlyForDeploymentPostprocessing = 0;
		};
		635B93C91D09A40500A81CAF /* Resources */ = {
			isa = PBXResourcesBuildPhase;
			buildActionMask = 2147483647;
			files = (
			);
			runOnlyForDeploymentPostprocessing = 0;
		};
/* End PBXResourcesBuildPhase section */

/* Begin PBXShellScriptBuildPhase section */
		0087856BBFA04A22660BC322 /* [CP] Check Pods Manifest.lock */ = {
			isa = PBXShellScriptBuildPhase;
			buildActionMask = 2147483647;
			files = (
			);
			inputPaths = (
			);
			name = "[CP] Check Pods Manifest.lock";
			outputPaths = (
			);
			runOnlyForDeploymentPostprocessing = 0;
			shellPath = /bin/sh;
			shellScript = "diff \"${PODS_ROOT}/../Podfile.lock\" \"${PODS_ROOT}/Manifest.lock\" > /dev/null\nif [[ $? != 0 ]] ; then\n    cat << EOM\nerror: The sandbox is not in sync with the Podfile.lock. Run 'pod install' or update your CocoaPods installation.\nEOM\n    exit 1\nfi\n";
			showEnvVarsInLog = 0;
		};
		639187FA1D09F24200757F60 /* ShellScript */ = {
			isa = PBXShellScriptBuildPhase;
			buildActionMask = 2147483647;
			files = (
			);
			inputPaths = (
			);
			outputPaths = (
			);
			runOnlyForDeploymentPostprocessing = 0;
			shellPath = /bin/sh;
			shellScript = "TAGS=\"TODO:|FIXME:\"\necho \"searching ${SRCROOT} for ${TAGS}\"\nfind \"${SRCROOT}\" \\( -name \"*.swift\" \\) -print0 | xargs -0 egrep --with-filename --line-number --only-matching \"($TAGS).*\\$\" | perl -p -e \"s/($TAGS)/ warning: \\$1/\"";
		};
		8E032C6FB86B61386D978A42 /* [CP] Embed Pods Frameworks */ = {
			isa = PBXShellScriptBuildPhase;
			buildActionMask = 2147483647;
			files = (
			);
			inputPaths = (
			);
			name = "[CP] Embed Pods Frameworks";
			outputPaths = (
			);
			runOnlyForDeploymentPostprocessing = 0;
			shellPath = /bin/sh;
			shellScript = "\"${SRCROOT}/Pods/Target Support Files/Pods-FlashWord/Pods-FlashWord-frameworks.sh\"\n";
			showEnvVarsInLog = 0;
		};
		B08E6EB18A0C5DF0BDEF63D9 /* [CP] Copy Pods Resources */ = {
			isa = PBXShellScriptBuildPhase;
			buildActionMask = 2147483647;
			files = (
			);
			inputPaths = (
			);
			name = "[CP] Copy Pods Resources";
			outputPaths = (
			);
			runOnlyForDeploymentPostprocessing = 0;
			shellPath = /bin/sh;
			shellScript = "\"${SRCROOT}/Pods/Target Support Files/Pods-FlashWord/Pods-FlashWord-resources.sh\"\n";
			showEnvVarsInLog = 0;
		};
/* End PBXShellScriptBuildPhase section */

/* Begin PBXSourcesBuildPhase section */
		635B93A61D09A40500A81CAF /* Sources */ = {
			isa = PBXSourcesBuildPhase;
			buildActionMask = 2147483647;
			files = (
				844FBA6D1D0FE0F900D6C2EA /* NVActivityIndicatorAnimationBallGridBeat.swift in Sources */,
				6388D5F01D15B19B0029C988 /* Account+Business.swift in Sources */,
				639187F91D09EE4200757F60 /* AppConst.swift in Sources */,
				639188071D0A915800757F60 /* HSL.swift in Sources */,
				6388D5FD1D15D8440029C988 /* URLConvertible.swift in Sources */,
				844FBA721D0FE0F900D6C2EA /* NVActivityIndicatorAnimationBallRotate.swift in Sources */,
				84301D241D1959AE00BB3C5D /* DYTransitionAnimator.swift in Sources */,
				844FBA3F1D0FBFE700D6C2EA /* DYViewModel.swift in Sources */,
				84301D031D18DF1500BB3C5D /* DYFailLoader.swift in Sources */,
				844FBA8F1D102F2000D6C2EA /* DYProgressView.swift in Sources */,
				844FBA6B1D0FE0F900D6C2EA /* NVActivityIndicatorAnimationBallClipRotateMultiple.swift in Sources */,
				8492F19E1D0EA2EE00EA95EE /* FlashWord.xcdatamodeld in Sources */,
				639187FD1D09FB3E00757F60 /* DYUserDefaults.swift in Sources */,
				844FBA7C1D0FE0F900D6C2EA /* NVActivityIndicatorAnimationBlank.swift in Sources */,
				6388D5CD1D0DB1900029C988 /* DYViewController.swift in Sources */,
				6388D5F61D15CD9B0029C988 /* RegisterVM.swift in Sources */,
				639187F41D09D7A800757F60 /* XCGLogger.swift in Sources */,
				6388D5DD1D0DC45B0029C988 /* SkyFloatingLabelTextField.swift in Sources */,
				844FBA7D1D0FE0F900D6C2EA /* NVActivityIndicatorAnimationCubeTransition.swift in Sources */,
				63C6C11E1D2D4CD80090AC38 /* RootNavigationController.swift in Sources */,
				844FBA801D0FE0F900D6C2EA /* NVActivityIndicatorAnimationLineScalePulseOut.swift in Sources */,
				84301D1A1D1935E600BB3C5D /* TextAttributes.swift in Sources */,
				844FBA821D0FE0F900D6C2EA /* NVActivityIndicatorAnimationLineSpinFadeLoader.swift in Sources */,
				6388D5F81D15D5EB0029C988 /* UIViewController+ProgressView.swift in Sources */,
				844FBA831D0FE0F900D6C2EA /* NVActivityIndicatorAnimationOrbit.swift in Sources */,
				639188061D0A915800757F60 /* DynamicColor.swift in Sources */,
				632D04EE1D09CE9D00F9744B /* DYDataCenter.swift in Sources */,
				84301D211D1953EA00BB3C5D /* DYTabBarController.swift in Sources */,
				844FBA731D0FE0F900D6C2EA /* NVActivityIndicatorAnimationBallRotateChase.swift in Sources */,
				844FBA7A1D0FE0F900D6C2EA /* NVActivityIndicatorAnimationBallZigZag.swift in Sources */,
				847D70391D12A4AD0025B54A /* ObjectUtility.swift in Sources */,
				6388D5EC1D108B090029C988 /* AnimationLayerCreator.swift in Sources */,
				840C8D141D179698009F2646 /* Async.swift in Sources */,
				6388D5C81D0DAEEB0029C988 /* DYSubmitButton.swift in Sources */,
				6349F22B1D30201D002210E0 /* LoginRegisterController.swift in Sources */,
				844FBA741D0FE0F900D6C2EA /* NVActivityIndicatorAnimationBallScale.swift in Sources */,
				844FBA881D0FE0F900D6C2EA /* NVActivityIndicatorAnimationDelegate.swift in Sources */,
				6388D5D71D0DB3700029C988 /* LoginController.swift in Sources */,
				844FBA791D0FE0F900D6C2EA /* NVActivityIndicatorAnimationBallTrianglePath.swift in Sources */,
				639188051D0A915800757F60 /* DynamicColor+RGBA.swift in Sources */,
				844FBA851D0FE0F900D6C2EA /* NVActivityIndicatorAnimationSemiCircleSpin.swift in Sources */,
				847D70371D1298EA0025B54A /* UIViewController+State.swift in Sources */,
				844FBA7E1D0FE0F900D6C2EA /* NVActivityIndicatorAnimationLineScale.swift in Sources */,
				632D04EC1D09CB4700F9744B /* AccountData.swift in Sources */,
				844FBA811D0FE0F900D6C2EA /* NVActivityIndicatorAnimationLineScalePulseOutRapid.swift in Sources */,
				844FBA891D0FE0F900D6C2EA /* NVActivityIndicatorShape.swift in Sources */,
				844FBA6F1D0FE0F900D6C2EA /* NVActivityIndicatorAnimationBallPulse.swift in Sources */,
				6349F22F1D303ADE002210E0 /* DYOriginalRow.swift in Sources */,
				844FBA861D0FE0F900D6C2EA /* NVActivityIndicatorAnimationSquareSpin.swift in Sources */,
				844FBA8A1D0FE0F900D6C2EA /* NVActivityIndicatorView.swift in Sources */,
				6388D5C11D0DAE310029C988 /* FadeTransitionAnimator.swift in Sources */,
				844FBA711D0FE0F900D6C2EA /* NVActivityIndicatorAnimationBallPulseSync.swift in Sources */,
				844FBA691D0FE0F900D6C2EA /* NVActivityIndicatorAnimationBallBeat.swift in Sources */,
				84301D1F1D1940A900BB3C5D /* FontBlaster.swift in Sources */,
				635B93B21D09A40500A81CAF /* SecondViewController.swift in Sources */,
				844FBA841D0FE0F900D6C2EA /* NVActivityIndicatorAnimationPacman.swift in Sources */,
				6388D5F21D15CB030029C988 /* RegisterController.swift in Sources */,
				6388D5BB1D0DAD630029C988 /* CGRectUtility.swift in Sources */,
				844FBA6E1D0FE0F900D6C2EA /* NVActivityIndicatorAnimationBallGridPulse.swift in Sources */,
				844FBA8D1D0FE2B700D6C2EA /* UIViewController+Utility.swift in Sources */,
				6388D5DF1D0DC45B0029C988 /* UITextField+SkyFloatingLabel.swift in Sources */,
				6388D5CA1D0DAFDC0029C988 /* NSTimerUtility.swift in Sources */,
				6391880A1D0A930500757F60 /* FlatUIColors.swift in Sources */,
				844FBA761D0FE0F900D6C2EA /* NVActivityIndicatorAnimationBallScaleRipple.swift in Sources */,
				844FBA7F1D0FE0F900D6C2EA /* NVActivityIndicatorAnimationLineScaleParty.swift in Sources */,
				6388D5ED1D108B090029C988 /* BusyNavigationBarOptions.swift in Sources */,
				84301D1C1D19362A00BB3C5D /* DYStringUtility.swift in Sources */,
				639188041D0A915800757F60 /* DynamicColor+Deriving.swift in Sources */,
				84301CFF1D18DE8300BB3C5D /* DYLoader.swift in Sources */,
				844FBA751D0FE0F900D6C2EA /* NVActivityIndicatorAnimationBallScaleMultiple.swift in Sources */,
				639187F71D09EC1800757F60 /* DYLog.swift in Sources */,
				63C6C1201D2D4CEF0090AC38 /* RootTabBarController.swift in Sources */,
				844FBA6C1D0FE0F900D6C2EA /* NVActivityIndicatorAnimationBallClipRotatePulse.swift in Sources */,
				6349F23A1D31E1C2002210E0 /* DOAlertController.swift in Sources */,
				6349F2261D2EB9CE002210E0 /* ResetPasswordController.swift in Sources */,
				6388D5CF1D0DB1AC0029C988 /* DYNavigationController.swift in Sources */,
				84301D011D18DEE200BB3C5D /* DYSucceedLoader.swift in Sources */,
				6388D5DE1D0DC45B0029C988 /* SkyFloatingLabelTextFieldWithIcon.swift in Sources */,
				84301D071D18E95600BB3C5D /* DYInfiniteLoader.swift in Sources */,
				844FBA8B1D0FE0F900D6C2EA /* NVActivityIndicatorViewable.swift in Sources */,
				6349F2331D30433F002210E0 /* DYOriginalTable.swift in Sources */,
				84301D171D190EE800BB3C5D /* DYSatelliteLoader.swift in Sources */,
				844FBA781D0FE0F900D6C2EA /* NVActivityIndicatorAnimationBallSpinFadeLoader.swift in Sources */,
				6388D5FE1D15D8440029C988 /* URLNavigable.swift in Sources */,
				635B93AE1D09A40500A81CAF /* AppDelegate.swift in Sources */,
				6388D5EE1D108B090029C988 /* UINavigationBar+Animation.swift in Sources */,
				844FBA6A1D0FE0F900D6C2EA /* NVActivityIndicatorAnimationBallClipRotate.swift in Sources */,
				6388D6011D15DC4A0029C988 /* DYURLNavigationMap.swift in Sources */,
				6388D5C51D0DAEAC0029C988 /* SpinerLayer.swift in Sources */,
				635B93B01D09A40500A81CAF /* FirstViewController.swift in Sources */,
				840C8D171D179876009F2646 /* DYLineProgress.swift in Sources */,
				6349F2311D303D9A002210E0 /* DYOriginalSection.swift in Sources */,
				6349F2351D304AA5002210E0 /* DYStaticTableController.swift in Sources */,
				6388D5FF1D15D8440029C988 /* URLNavigator.swift in Sources */,
				844FBA7B1D0FE0F900D6C2EA /* NVActivityIndicatorAnimationBallZigZagDeflect.swift in Sources */,
				6388D5F51D15CD9B0029C988 /* LoginVM.swift in Sources */,
				844FBA871D0FE0F900D6C2EA /* NVActivityIndicatorAnimationTriangleSkewSpin.swift in Sources */,
				844FBA701D0FE0F900D6C2EA /* NVActivityIndicatorAnimationBallPulseRise.swift in Sources */,
				844FBA771D0FE0F900D6C2EA /* NVActivityIndicatorAnimationBallScaleRippleMultiple.swift in Sources */,
			);
			runOnlyForDeploymentPostprocessing = 0;
		};
		635B93BC1D09A40500A81CAF /* Sources */ = {
			isa = PBXSourcesBuildPhase;
			buildActionMask = 2147483647;
			files = (
				635B93C51D09A40500A81CAF /* FlashWordTests.swift in Sources */,
			);
			runOnlyForDeploymentPostprocessing = 0;
		};
		635B93C71D09A40500A81CAF /* Sources */ = {
			isa = PBXSourcesBuildPhase;
			buildActionMask = 2147483647;
			files = (
				635B93D01D09A40600A81CAF /* FlashWordUITests.swift in Sources */,
			);
			runOnlyForDeploymentPostprocessing = 0;
		};
/* End PBXSourcesBuildPhase section */

/* Begin PBXTargetDependency section */
		635B93C21D09A40500A81CAF /* PBXTargetDependency */ = {
			isa = PBXTargetDependency;
			target = 635B93A91D09A40500A81CAF /* FlashWord */;
			targetProxy = 635B93C11D09A40500A81CAF /* PBXContainerItemProxy */;
		};
		635B93CD1D09A40500A81CAF /* PBXTargetDependency */ = {
			isa = PBXTargetDependency;
			target = 635B93A91D09A40500A81CAF /* FlashWord */;
			targetProxy = 635B93CC1D09A40500A81CAF /* PBXContainerItemProxy */;
		};
/* End PBXTargetDependency section */

/* Begin PBXVariantGroup section */
		635B93B81D09A40500A81CAF /* LaunchScreen.storyboard */ = {
			isa = PBXVariantGroup;
			children = (
				635B93B91D09A40500A81CAF /* Base */,
			);
			name = LaunchScreen.storyboard;
			sourceTree = "<group>";
		};
/* End PBXVariantGroup section */

/* Begin XCBuildConfiguration section */
		635B93D21D09A40600A81CAF /* Debug */ = {
			isa = XCBuildConfiguration;
			buildSettings = {
				ALWAYS_SEARCH_USER_PATHS = NO;
				CLANG_ANALYZER_NONNULL = YES;
				CLANG_CXX_LANGUAGE_STANDARD = "gnu++0x";
				CLANG_CXX_LIBRARY = "libc++";
				CLANG_ENABLE_MODULES = YES;
				CLANG_ENABLE_OBJC_ARC = YES;
				CLANG_WARN_BOOL_CONVERSION = YES;
				CLANG_WARN_CONSTANT_CONVERSION = YES;
				CLANG_WARN_DIRECT_OBJC_ISA_USAGE = YES_ERROR;
				CLANG_WARN_EMPTY_BODY = YES;
				CLANG_WARN_ENUM_CONVERSION = YES;
				CLANG_WARN_INT_CONVERSION = YES;
				CLANG_WARN_OBJC_ROOT_CLASS = YES_ERROR;
				CLANG_WARN_UNREACHABLE_CODE = YES;
				CLANG_WARN__DUPLICATE_METHOD_MATCH = YES;
				"CODE_SIGN_IDENTITY[sdk=iphoneos*]" = "iPhone Developer";
				COPY_PHASE_STRIP = NO;
				DEBUG_INFORMATION_FORMAT = dwarf;
				ENABLE_STRICT_OBJC_MSGSEND = YES;
				ENABLE_TESTABILITY = YES;
				GCC_C_LANGUAGE_STANDARD = gnu99;
				GCC_DYNAMIC_NO_PIC = NO;
				GCC_NO_COMMON_BLOCKS = YES;
				GCC_OPTIMIZATION_LEVEL = 0;
				GCC_PREPROCESSOR_DEFINITIONS = (
					"DEBUG=1",
					"$(inherited)",
				);
				GCC_WARN_64_TO_32_BIT_CONVERSION = YES;
				GCC_WARN_ABOUT_RETURN_TYPE = YES_ERROR;
				GCC_WARN_UNDECLARED_SELECTOR = YES;
				GCC_WARN_UNINITIALIZED_AUTOS = YES_AGGRESSIVE;
				GCC_WARN_UNUSED_FUNCTION = YES;
				GCC_WARN_UNUSED_VARIABLE = YES;
				IPHONEOS_DEPLOYMENT_TARGET = 9.3;
				MTL_ENABLE_DEBUG_INFO = YES;
				ONLY_ACTIVE_ARCH = YES;
				SDKROOT = iphoneos;
				SWIFT_OPTIMIZATION_LEVEL = "-Onone";
				TARGETED_DEVICE_FAMILY = "1,2";
			};
			name = Debug;
		};
		635B93D31D09A40600A81CAF /* Release */ = {
			isa = XCBuildConfiguration;
			buildSettings = {
				ALWAYS_SEARCH_USER_PATHS = NO;
				CLANG_ANALYZER_NONNULL = YES;
				CLANG_CXX_LANGUAGE_STANDARD = "gnu++0x";
				CLANG_CXX_LIBRARY = "libc++";
				CLANG_ENABLE_MODULES = YES;
				CLANG_ENABLE_OBJC_ARC = YES;
				CLANG_WARN_BOOL_CONVERSION = YES;
				CLANG_WARN_CONSTANT_CONVERSION = YES;
				CLANG_WARN_DIRECT_OBJC_ISA_USAGE = YES_ERROR;
				CLANG_WARN_EMPTY_BODY = YES;
				CLANG_WARN_ENUM_CONVERSION = YES;
				CLANG_WARN_INT_CONVERSION = YES;
				CLANG_WARN_OBJC_ROOT_CLASS = YES_ERROR;
				CLANG_WARN_UNREACHABLE_CODE = YES;
				CLANG_WARN__DUPLICATE_METHOD_MATCH = YES;
				"CODE_SIGN_IDENTITY[sdk=iphoneos*]" = "iPhone Developer";
				COPY_PHASE_STRIP = NO;
				DEBUG_INFORMATION_FORMAT = "dwarf-with-dsym";
				ENABLE_NS_ASSERTIONS = NO;
				ENABLE_STRICT_OBJC_MSGSEND = YES;
				GCC_C_LANGUAGE_STANDARD = gnu99;
				GCC_NO_COMMON_BLOCKS = YES;
				GCC_WARN_64_TO_32_BIT_CONVERSION = YES;
				GCC_WARN_ABOUT_RETURN_TYPE = YES_ERROR;
				GCC_WARN_UNDECLARED_SELECTOR = YES;
				GCC_WARN_UNINITIALIZED_AUTOS = YES_AGGRESSIVE;
				GCC_WARN_UNUSED_FUNCTION = YES;
				GCC_WARN_UNUSED_VARIABLE = YES;
				IPHONEOS_DEPLOYMENT_TARGET = 9.3;
				MTL_ENABLE_DEBUG_INFO = NO;
				SDKROOT = iphoneos;
				TARGETED_DEVICE_FAMILY = "1,2";
				VALIDATE_PRODUCT = YES;
			};
			name = Release;
		};
		635B93D51D09A40600A81CAF /* Debug */ = {
			isa = XCBuildConfiguration;
			baseConfigurationReference = 0402EC8172EC4DD126065338 /* Pods-FlashWord.debug.xcconfig */;
			buildSettings = {
				ASSETCATALOG_COMPILER_APPICON_NAME = AppIcon;
				CODE_SIGN_IDENTITY = "iPhone Developer";
				FRAMEWORK_SEARCH_PATHS = (
					"$(inherited)",
					"$(PROJECT_DIR)/FlashWord/Library",
				);
				GCC_PRECOMPILE_PREFIX_HEADER = NO;
				GCC_PREFIX_HEADER = "";
				INFOPLIST_FILE = FlashWord/Info.plist;
				IPHONEOS_DEPLOYMENT_TARGET = 8.0;
				LD_RUNPATH_SEARCH_PATHS = "$(inherited) @executable_path/Frameworks";
				OTHER_LDFLAGS = (
					"$(inherited)",
					"-framework",
					"\"MagicalRecord\"",
					"-framework",
					"\"RxCocoa\"",
					"-framework",
					"\"RxSwift\"",
					"-framework",
					"\"SnapKit\"",
				);
				OTHER_SWIFT_FLAGS = "$(inherited) \"-D\" \"COCOAPODS\" \"-D DEBUG=1\" -D DEBUG";
				PRODUCT_BUNDLE_IDENTIFIER = com.flashword.FlashWord;
				PRODUCT_NAME = "$(TARGET_NAME)";
				TARGETED_DEVICE_FAMILY = 1;
			};
			name = Debug;
		};
		635B93D61D09A40600A81CAF /* Release */ = {
			isa = XCBuildConfiguration;
			baseConfigurationReference = 1E932C9C1D7FDCFDEF1B98CF /* Pods-FlashWord.release.xcconfig */;
			buildSettings = {
				ASSETCATALOG_COMPILER_APPICON_NAME = AppIcon;
				CODE_SIGN_IDENTITY = "iPhone Developer";
				FRAMEWORK_SEARCH_PATHS = (
					"$(inherited)",
					"$(PROJECT_DIR)/FlashWord/Library",
				);
				GCC_PRECOMPILE_PREFIX_HEADER = NO;
				GCC_PREFIX_HEADER = "";
				INFOPLIST_FILE = FlashWord/Info.plist;
				IPHONEOS_DEPLOYMENT_TARGET = 8.0;
				LD_RUNPATH_SEARCH_PATHS = "$(inherited) @executable_path/Frameworks";
				PRODUCT_BUNDLE_IDENTIFIER = com.flashword.FlashWord;
				PRODUCT_NAME = "$(TARGET_NAME)";
				TARGETED_DEVICE_FAMILY = 1;
			};
			name = Release;
		};
		635B93D81D09A40600A81CAF /* Debug */ = {
			isa = XCBuildConfiguration;
			buildSettings = {
				BUNDLE_LOADER = "$(TEST_HOST)";
				INFOPLIST_FILE = FlashWordTests/Info.plist;
				LD_RUNPATH_SEARCH_PATHS = "$(inherited) @executable_path/Frameworks @loader_path/Frameworks";
				PRODUCT_BUNDLE_IDENTIFIER = com.flashword.FlashWordTests;
				PRODUCT_NAME = "$(TARGET_NAME)";
				TEST_HOST = "$(BUILT_PRODUCTS_DIR)/FlashWord.app/FlashWord";
			};
			name = Debug;
		};
		635B93D91D09A40600A81CAF /* Release */ = {
			isa = XCBuildConfiguration;
			buildSettings = {
				BUNDLE_LOADER = "$(TEST_HOST)";
				INFOPLIST_FILE = FlashWordTests/Info.plist;
				LD_RUNPATH_SEARCH_PATHS = "$(inherited) @executable_path/Frameworks @loader_path/Frameworks";
				PRODUCT_BUNDLE_IDENTIFIER = com.flashword.FlashWordTests;
				PRODUCT_NAME = "$(TARGET_NAME)";
				TEST_HOST = "$(BUILT_PRODUCTS_DIR)/FlashWord.app/FlashWord";
			};
			name = Release;
		};
		635B93DB1D09A40600A81CAF /* Debug */ = {
			isa = XCBuildConfiguration;
			buildSettings = {
				INFOPLIST_FILE = FlashWordUITests/Info.plist;
				LD_RUNPATH_SEARCH_PATHS = "$(inherited) @executable_path/Frameworks @loader_path/Frameworks";
				PRODUCT_BUNDLE_IDENTIFIER = com.flashword.FlashWordUITests;
				PRODUCT_NAME = "$(TARGET_NAME)";
				TEST_TARGET_NAME = FlashWord;
			};
			name = Debug;
		};
		635B93DC1D09A40600A81CAF /* Release */ = {
			isa = XCBuildConfiguration;
			buildSettings = {
				INFOPLIST_FILE = FlashWordUITests/Info.plist;
				LD_RUNPATH_SEARCH_PATHS = "$(inherited) @executable_path/Frameworks @loader_path/Frameworks";
				PRODUCT_BUNDLE_IDENTIFIER = com.flashword.FlashWordUITests;
				PRODUCT_NAME = "$(TARGET_NAME)";
				TEST_TARGET_NAME = FlashWord;
			};
			name = Release;
		};
/* End XCBuildConfiguration section */

/* Begin XCConfigurationList section */
		635B93A51D09A40500A81CAF /* Build configuration list for PBXProject "FlashWord" */ = {
			isa = XCConfigurationList;
			buildConfigurations = (
				635B93D21D09A40600A81CAF /* Debug */,
				635B93D31D09A40600A81CAF /* Release */,
			);
			defaultConfigurationIsVisible = 0;
			defaultConfigurationName = Release;
		};
		635B93D41D09A40600A81CAF /* Build configuration list for PBXNativeTarget "FlashWord" */ = {
			isa = XCConfigurationList;
			buildConfigurations = (
				635B93D51D09A40600A81CAF /* Debug */,
				635B93D61D09A40600A81CAF /* Release */,
			);
			defaultConfigurationIsVisible = 0;
			defaultConfigurationName = Release;
		};
		635B93D71D09A40600A81CAF /* Build configuration list for PBXNativeTarget "FlashWordTests" */ = {
			isa = XCConfigurationList;
			buildConfigurations = (
				635B93D81D09A40600A81CAF /* Debug */,
				635B93D91D09A40600A81CAF /* Release */,
			);
			defaultConfigurationIsVisible = 0;
			defaultConfigurationName = Release;
		};
		635B93DA1D09A40600A81CAF /* Build configuration list for PBXNativeTarget "FlashWordUITests" */ = {
			isa = XCConfigurationList;
			buildConfigurations = (
				635B93DB1D09A40600A81CAF /* Debug */,
				635B93DC1D09A40600A81CAF /* Release */,
			);
			defaultConfigurationIsVisible = 0;
			defaultConfigurationName = Release;
		};
/* End XCConfigurationList section */

/* Begin XCVersionGroup section */
		8492F19C1D0EA2EE00EA95EE /* FlashWord.xcdatamodeld */ = {
			isa = XCVersionGroup;
			children = (
				8492F19D1D0EA2EE00EA95EE /* FlashWord.xcdatamodel */,
			);
			currentVersion = 8492F19D1D0EA2EE00EA95EE /* FlashWord.xcdatamodel */;
			path = FlashWord.xcdatamodeld;
			sourceTree = "<group>";
			versionGroupType = wrapper.xcdatamodel;
		};
/* End XCVersionGroup section */
	};
	rootObject = 635B93A21D09A40500A81CAF /* Project object */;
}
